
Microsoft Visual Studio Solution File, Format Version 12.00
# Visual Studio Version 17
VisualStudioVersion = 17.14.36429.23
MinimumVisualStudioVersion = 10.0.40219.1
Project("{FAE04EC0-301F-11D3-BF4B-00C04F79EFBC}") = "Rivulet.Core", "src\Rivulet.Core\Rivulet.Core.csproj", "{A4F277BC-A403-49D6-8F68-86A9801C84AE}"
EndProject
Project("{FAE04EC0-301F-11D3-BF4B-00C04F79EFBC}") = "Rivulet.Diagnostics", "src\Rivulet.Diagnostics\Rivulet.Diagnostics.csproj", "{5AB13FB2-34F9-4388-AA59-AE428F88CE5D}"
EndProject
Project("{2150E333-8FDC-42A3-9474-1A3956D46DE8}") = "src", "src", "{02EA681E-C7D8-13C7-8484-4AC65E1B71E8}"
EndProject
Project("{2150E333-8FDC-42A3-9474-1A3956D46DE8}") = "tests", "tests", "{0D2BF9AB-6598-46B6-9D64-59E4B546DA61}"
EndProject
Project("{2150E333-8FDC-42A3-9474-1A3956D46DE8}") = "samples", "samples", "{B9651AC5-56FD-4860-ADDA-27E67FCD75D4}"
EndProject
Project("{FAE04EC0-301F-11D3-BF4B-00C04F79EFBC}") = "Rivulet.ConsoleSample", "samples\Rivulet.ConsoleSample\Rivulet.ConsoleSample.csproj", "{711480CE-B236-4E2B-A79E-1CFA6ECB0F1F}"
EndProject
Project("{FAE04EC0-301F-11D3-BF4B-00C04F79EFBC}") = "Rivulet.Core.Tests", "tests\Rivulet.Core.Tests\Rivulet.Core.Tests.csproj", "{8BF330D4-DC30-A21E-F758-FD3E97D1D926}"
EndProject
Project("{FAE04EC0-301F-11D3-BF4B-00C04F79EFBC}") = "Rivulet.Diagnostics.Tests", "tests\Rivulet.Diagnostics.Tests\Rivulet.Diagnostics.Tests.csproj", "{6FD1EA2E-C2EC-4113-B8C9-643DBE4D9881}"
EndProject
Project("{2150E333-8FDC-42A3-9474-1A3956D46DE8}") = "Solution Items", "Solution Items", "{8EC462FD-D22E-90A8-E5CE-7E832BA40C5D}"
	ProjectSection(SolutionItems) = preProject
		.gitattributes = .gitattributes
		.gitignore = .gitignore
		LICENSE.txt = LICENSE.txt
		Rivulet.sln.DotSettings.user = Rivulet.sln.DotSettings.user
	EndProjectSection
EndProject
Project("{FAE04EC0-301F-11D3-BF4B-00C04F79EFBC}") = "Rivulet.Benchmarks", "tests\Rivulet.Benchmarks\Rivulet.Benchmarks.csproj", "{1CD2B7CB-9564-A086-4DA6-460FE2419599}"
EndProject
Project("{2150E333-8FDC-42A3-9474-1A3956D46DE8}") = "docs", "docs", "{98CB2608-1D14-4A71-90D0-F4880D77E453}"
	ProjectSection(SolutionItems) = preProject
		tests\Rivulet.Benchmarks\BENCHMARKS_README.md = tests\Rivulet.Benchmarks\BENCHMARKS_README.md
		.github\ISSUE_TEMPLATE\bug_report.md = .github\ISSUE_TEMPLATE\bug_report.md
		CODE_OF_CONDUCT.md = CODE_OF_CONDUCT.md
		CONTRIBUTING.md = CONTRIBUTING.md
		.github\ISSUE_TEMPLATE\feature_request.md = .github\ISSUE_TEMPLATE\feature_request.md
		PACKAGES_PRIORITY.md = PACKAGES_PRIORITY.md
		README.md = README.md
		RELEASE_GUIDE.md = RELEASE_GUIDE.md
		ROADMAP.md = ROADMAP.md
		SECURITY.md = SECURITY.md
		.github\workflows\WORKFLOW_README.md = .github\workflows\WORKFLOW_README.md
	EndProjectSection
EndProject
Project("{2150E333-8FDC-42A3-9474-1A3956D46DE8}") = "workflow", "workflow", "{628A0A1D-23F8-452C-B924-BCF0EA5D9D6E}"
	ProjectSection(SolutionItems) = preProject
		.github\workflows\ci.yml = .github\workflows\ci.yml
		.github\workflows\codeql.yml = .github\workflows\codeql.yml
		.github\dependabot.yml = .github\dependabot.yml
		.github\workflows\flaky-test-detection.yml = .github\workflows\flaky-test-detection.yml
		.github\workflows\nuget-activity-monitor.yml = .github\workflows\nuget-activity-monitor.yml
		.github\workflows\release.yml = .github\workflows\release.yml
		.github\workflows\reusable-flaky-test-detection.yml = .github\workflows\reusable-flaky-test-detection.yml
	EndProjectSection
EndProject
Project("{FAE04EC0-301F-11D3-BF4B-00C04F79EFBC}") = "Rivulet.Diagnostics.OpenTelemetry", "src\Rivulet.Diagnostics.OpenTelemetry\Rivulet.Diagnostics.OpenTelemetry.csproj", "{0CE8141A-7032-0687-125B-CD1E77EDF441}"
EndProject
Project("{FAE04EC0-301F-11D3-BF4B-00C04F79EFBC}") = "Rivulet.Diagnostics.OpenTelemetry.Tests", "tests\Rivulet.Diagnostics.OpenTelemetry.Tests\Rivulet.Diagnostics.OpenTelemetry.Tests.csproj", "{0A3795E9-CA78-DA2E-0F89-929A5C7E1305}"
EndProject
Project("{FAE04EC0-301F-11D3-BF4B-00C04F79EFBC}") = "Rivulet.Hosting", "src\Rivulet.Hosting\Rivulet.Hosting.csproj", "{3A61DEDC-A2D3-442C-A709-34CC046F7499}"
EndProject
Project("{FAE04EC0-301F-11D3-BF4B-00C04F79EFBC}") = "Rivulet.Testing", "src\Rivulet.Testing\Rivulet.Testing.csproj", "{C3932499-81ED-F2BB-92DE-A4548D443373}"
EndProject
Project("{FAE04EC0-301F-11D3-BF4B-00C04F79EFBC}") = "Rivulet.Testing.Tests", "tests\Rivulet.Testing.Tests\Rivulet.Testing.Tests.csproj", "{6E31CEBB-B34E-AB20-F697-39F0E389A818}"
EndProject
Project("{FAE04EC0-301F-11D3-BF4B-00C04F79EFBC}") = "Rivulet.Hosting.Tests", "tests\Rivulet.Hosting.Tests\Rivulet.Hosting.Tests.csproj", "{4F2D8BC9-1A3E-4D7F-B5C9-8E9F1D2A3B4C}"
EndProject
Global
	GlobalSection(SolutionConfigurationPlatforms) = preSolution
		Debug|Any CPU = Debug|Any CPU
		Debug|x64 = Debug|x64
		Debug|x86 = Debug|x86
		Release|Any CPU = Release|Any CPU
		Release|x64 = Release|x64
		Release|x86 = Release|x86
	EndGlobalSection
	GlobalSection(ProjectConfigurationPlatforms) = postSolution
		{A4F277BC-A403-49D6-8F68-86A9801C84AE}.Debug|Any CPU.ActiveCfg = Debug|Any CPU
		{A4F277BC-A403-49D6-8F68-86A9801C84AE}.Debug|Any CPU.Build.0 = Debug|Any CPU
		{A4F277BC-A403-49D6-8F68-86A9801C84AE}.Debug|x64.ActiveCfg = Debug|Any CPU
		{A4F277BC-A403-49D6-8F68-86A9801C84AE}.Debug|x64.Build.0 = Debug|Any CPU
		{A4F277BC-A403-49D6-8F68-86A9801C84AE}.Debug|x86.ActiveCfg = Debug|Any CPU
		{A4F277BC-A403-49D6-8F68-86A9801C84AE}.Debug|x86.Build.0 = Debug|Any CPU
		{A4F277BC-A403-49D6-8F68-86A9801C84AE}.Release|Any CPU.ActiveCfg = Release|Any CPU
		{A4F277BC-A403-49D6-8F68-86A9801C84AE}.Release|Any CPU.Build.0 = Release|Any CPU
		{A4F277BC-A403-49D6-8F68-86A9801C84AE}.Release|x64.ActiveCfg = Release|Any CPU
		{A4F277BC-A403-49D6-8F68-86A9801C84AE}.Release|x64.Build.0 = Release|Any CPU
		{A4F277BC-A403-49D6-8F68-86A9801C84AE}.Release|x86.ActiveCfg = Release|Any CPU
		{A4F277BC-A403-49D6-8F68-86A9801C84AE}.Release|x86.Build.0 = Release|Any CPU
		{5AB13FB2-34F9-4388-AA59-AE428F88CE5D}.Debug|Any CPU.ActiveCfg = Debug|Any CPU
		{5AB13FB2-34F9-4388-AA59-AE428F88CE5D}.Debug|Any CPU.Build.0 = Debug|Any CPU
		{5AB13FB2-34F9-4388-AA59-AE428F88CE5D}.Debug|x64.ActiveCfg = Debug|Any CPU
		{5AB13FB2-34F9-4388-AA59-AE428F88CE5D}.Debug|x64.Build.0 = Debug|Any CPU
		{5AB13FB2-34F9-4388-AA59-AE428F88CE5D}.Debug|x86.ActiveCfg = Debug|Any CPU
		{5AB13FB2-34F9-4388-AA59-AE428F88CE5D}.Debug|x86.Build.0 = Debug|Any CPU
		{5AB13FB2-34F9-4388-AA59-AE428F88CE5D}.Release|Any CPU.ActiveCfg = Release|Any CPU
		{5AB13FB2-34F9-4388-AA59-AE428F88CE5D}.Release|Any CPU.Build.0 = Release|Any CPU
		{5AB13FB2-34F9-4388-AA59-AE428F88CE5D}.Release|x64.ActiveCfg = Release|Any CPU
		{5AB13FB2-34F9-4388-AA59-AE428F88CE5D}.Release|x64.Build.0 = Release|Any CPU
		{5AB13FB2-34F9-4388-AA59-AE428F88CE5D}.Release|x86.ActiveCfg = Release|Any CPU
		{5AB13FB2-34F9-4388-AA59-AE428F88CE5D}.Release|x86.Build.0 = Release|Any CPU
		{711480CE-B236-4E2B-A79E-1CFA6ECB0F1F}.Debug|Any CPU.ActiveCfg = Debug|Any CPU
		{711480CE-B236-4E2B-A79E-1CFA6ECB0F1F}.Debug|Any CPU.Build.0 = Debug|Any CPU
		{711480CE-B236-4E2B-A79E-1CFA6ECB0F1F}.Debug|x64.ActiveCfg = Debug|Any CPU
		{711480CE-B236-4E2B-A79E-1CFA6ECB0F1F}.Debug|x64.Build.0 = Debug|Any CPU
		{711480CE-B236-4E2B-A79E-1CFA6ECB0F1F}.Debug|x86.ActiveCfg = Debug|Any CPU
		{711480CE-B236-4E2B-A79E-1CFA6ECB0F1F}.Debug|x86.Build.0 = Debug|Any CPU
		{711480CE-B236-4E2B-A79E-1CFA6ECB0F1F}.Release|Any CPU.ActiveCfg = Release|Any CPU
		{711480CE-B236-4E2B-A79E-1CFA6ECB0F1F}.Release|Any CPU.Build.0 = Release|Any CPU
		{711480CE-B236-4E2B-A79E-1CFA6ECB0F1F}.Release|x64.ActiveCfg = Release|Any CPU
		{711480CE-B236-4E2B-A79E-1CFA6ECB0F1F}.Release|x64.Build.0 = Release|Any CPU
		{711480CE-B236-4E2B-A79E-1CFA6ECB0F1F}.Release|x86.ActiveCfg = Release|Any CPU
		{711480CE-B236-4E2B-A79E-1CFA6ECB0F1F}.Release|x86.Build.0 = Release|Any CPU
		{8BF330D4-DC30-A21E-F758-FD3E97D1D926}.Debug|Any CPU.ActiveCfg = Debug|Any CPU
		{8BF330D4-DC30-A21E-F758-FD3E97D1D926}.Debug|Any CPU.Build.0 = Debug|Any CPU
		{8BF330D4-DC30-A21E-F758-FD3E97D1D926}.Debug|x64.ActiveCfg = Debug|Any CPU
		{8BF330D4-DC30-A21E-F758-FD3E97D1D926}.Debug|x64.Build.0 = Debug|Any CPU
		{8BF330D4-DC30-A21E-F758-FD3E97D1D926}.Debug|x86.ActiveCfg = Debug|Any CPU
		{8BF330D4-DC30-A21E-F758-FD3E97D1D926}.Debug|x86.Build.0 = Debug|Any CPU
		{8BF330D4-DC30-A21E-F758-FD3E97D1D926}.Release|Any CPU.ActiveCfg = Release|Any CPU
		{8BF330D4-DC30-A21E-F758-FD3E97D1D926}.Release|Any CPU.Build.0 = Release|Any CPU
		{8BF330D4-DC30-A21E-F758-FD3E97D1D926}.Release|x64.ActiveCfg = Release|Any CPU
		{8BF330D4-DC30-A21E-F758-FD3E97D1D926}.Release|x64.Build.0 = Release|Any CPU
		{8BF330D4-DC30-A21E-F758-FD3E97D1D926}.Release|x86.ActiveCfg = Release|Any CPU
		{8BF330D4-DC30-A21E-F758-FD3E97D1D926}.Release|x86.Build.0 = Release|Any CPU
		{6FD1EA2E-C2EC-4113-B8C9-643DBE4D9881}.Debug|Any CPU.ActiveCfg = Debug|Any CPU
		{6FD1EA2E-C2EC-4113-B8C9-643DBE4D9881}.Debug|Any CPU.Build.0 = Debug|Any CPU
		{6FD1EA2E-C2EC-4113-B8C9-643DBE4D9881}.Debug|x64.ActiveCfg = Debug|Any CPU
		{6FD1EA2E-C2EC-4113-B8C9-643DBE4D9881}.Debug|x64.Build.0 = Debug|Any CPU
		{6FD1EA2E-C2EC-4113-B8C9-643DBE4D9881}.Debug|x86.ActiveCfg = Debug|Any CPU
		{6FD1EA2E-C2EC-4113-B8C9-643DBE4D9881}.Debug|x86.Build.0 = Debug|Any CPU
		{6FD1EA2E-C2EC-4113-B8C9-643DBE4D9881}.Release|Any CPU.ActiveCfg = Release|Any CPU
		{6FD1EA2E-C2EC-4113-B8C9-643DBE4D9881}.Release|Any CPU.Build.0 = Release|Any CPU
		{6FD1EA2E-C2EC-4113-B8C9-643DBE4D9881}.Release|x64.ActiveCfg = Release|Any CPU
		{6FD1EA2E-C2EC-4113-B8C9-643DBE4D9881}.Release|x64.Build.0 = Release|Any CPU
		{6FD1EA2E-C2EC-4113-B8C9-643DBE4D9881}.Release|x86.ActiveCfg = Release|Any CPU
		{6FD1EA2E-C2EC-4113-B8C9-643DBE4D9881}.Release|x86.Build.0 = Release|Any CPU
		{1CD2B7CB-9564-A086-4DA6-460FE2419599}.Debug|Any CPU.ActiveCfg = Debug|Any CPU
		{1CD2B7CB-9564-A086-4DA6-460FE2419599}.Debug|Any CPU.Build.0 = Debug|Any CPU
		{1CD2B7CB-9564-A086-4DA6-460FE2419599}.Debug|x64.ActiveCfg = Debug|Any CPU
		{1CD2B7CB-9564-A086-4DA6-460FE2419599}.Debug|x64.Build.0 = Debug|Any CPU
		{1CD2B7CB-9564-A086-4DA6-460FE2419599}.Debug|x86.ActiveCfg = Debug|Any CPU
		{1CD2B7CB-9564-A086-4DA6-460FE2419599}.Debug|x86.Build.0 = Debug|Any CPU
		{1CD2B7CB-9564-A086-4DA6-460FE2419599}.Release|Any CPU.ActiveCfg = Release|Any CPU
		{1CD2B7CB-9564-A086-4DA6-460FE2419599}.Release|Any CPU.Build.0 = Release|Any CPU
		{1CD2B7CB-9564-A086-4DA6-460FE2419599}.Release|x64.ActiveCfg = Release|Any CPU
		{1CD2B7CB-9564-A086-4DA6-460FE2419599}.Release|x64.Build.0 = Release|Any CPU
		{1CD2B7CB-9564-A086-4DA6-460FE2419599}.Release|x86.ActiveCfg = Release|Any CPU
		{1CD2B7CB-9564-A086-4DA6-460FE2419599}.Release|x86.Build.0 = Release|Any CPU
		{0CE8141A-7032-0687-125B-CD1E77EDF441}.Debug|Any CPU.ActiveCfg = Debug|Any CPU
		{0CE8141A-7032-0687-125B-CD1E77EDF441}.Debug|Any CPU.Build.0 = Debug|Any CPU
		{0CE8141A-7032-0687-125B-CD1E77EDF441}.Debug|x64.ActiveCfg = Debug|Any CPU
		{0CE8141A-7032-0687-125B-CD1E77EDF441}.Debug|x64.Build.0 = Debug|Any CPU
		{0CE8141A-7032-0687-125B-CD1E77EDF441}.Debug|x86.ActiveCfg = Debug|Any CPU
		{0CE8141A-7032-0687-125B-CD1E77EDF441}.Debug|x86.Build.0 = Debug|Any CPU
		{0CE8141A-7032-0687-125B-CD1E77EDF441}.Release|Any CPU.ActiveCfg = Release|Any CPU
		{0CE8141A-7032-0687-125B-CD1E77EDF441}.Release|Any CPU.Build.0 = Release|Any CPU
		{0CE8141A-7032-0687-125B-CD1E77EDF441}.Release|x64.ActiveCfg = Release|Any CPU
		{0CE8141A-7032-0687-125B-CD1E77EDF441}.Release|x64.Build.0 = Release|Any CPU
		{0CE8141A-7032-0687-125B-CD1E77EDF441}.Release|x86.ActiveCfg = Release|Any CPU
		{0CE8141A-7032-0687-125B-CD1E77EDF441}.Release|x86.Build.0 = Release|Any CPU
		{0A3795E9-CA78-DA2E-0F89-929A5C7E1305}.Debug|Any CPU.ActiveCfg = Debug|Any CPU
		{0A3795E9-CA78-DA2E-0F89-929A5C7E1305}.Debug|Any CPU.Build.0 = Debug|Any CPU
		{0A3795E9-CA78-DA2E-0F89-929A5C7E1305}.Debug|x64.ActiveCfg = Debug|Any CPU
		{0A3795E9-CA78-DA2E-0F89-929A5C7E1305}.Debug|x64.Build.0 = Debug|Any CPU
		{0A3795E9-CA78-DA2E-0F89-929A5C7E1305}.Debug|x86.ActiveCfg = Debug|Any CPU
		{0A3795E9-CA78-DA2E-0F89-929A5C7E1305}.Debug|x86.Build.0 = Debug|Any CPU
		{0A3795E9-CA78-DA2E-0F89-929A5C7E1305}.Release|Any CPU.ActiveCfg = Release|Any CPU
		{0A3795E9-CA78-DA2E-0F89-929A5C7E1305}.Release|Any CPU.Build.0 = Release|Any CPU
		{0A3795E9-CA78-DA2E-0F89-929A5C7E1305}.Release|x64.ActiveCfg = Release|Any CPU
		{0A3795E9-CA78-DA2E-0F89-929A5C7E1305}.Release|x64.Build.0 = Release|Any CPU
		{0A3795E9-CA78-DA2E-0F89-929A5C7E1305}.Release|x86.ActiveCfg = Release|Any CPU
		{0A3795E9-CA78-DA2E-0F89-929A5C7E1305}.Release|x86.Build.0 = Release|Any CPU
		{3A61DEDC-A2D3-442C-A709-34CC046F7499}.Debug|Any CPU.ActiveCfg = Debug|Any CPU
		{3A61DEDC-A2D3-442C-A709-34CC046F7499}.Debug|Any CPU.Build.0 = Debug|Any CPU
		{3A61DEDC-A2D3-442C-A709-34CC046F7499}.Debug|x64.ActiveCfg = Debug|Any CPU
		{3A61DEDC-A2D3-442C-A709-34CC046F7499}.Debug|x64.Build.0 = Debug|Any CPU
		{3A61DEDC-A2D3-442C-A709-34CC046F7499}.Debug|x86.ActiveCfg = Debug|Any CPU
		{3A61DEDC-A2D3-442C-A709-34CC046F7499}.Debug|x86.Build.0 = Debug|Any CPU
		{3A61DEDC-A2D3-442C-A709-34CC046F7499}.Release|Any CPU.ActiveCfg = Release|Any CPU
		{3A61DEDC-A2D3-442C-A709-34CC046F7499}.Release|Any CPU.Build.0 = Release|Any CPU
		{3A61DEDC-A2D3-442C-A709-34CC046F7499}.Release|x64.ActiveCfg = Release|Any CPU
		{3A61DEDC-A2D3-442C-A709-34CC046F7499}.Release|x64.Build.0 = Release|Any CPU
		{3A61DEDC-A2D3-442C-A709-34CC046F7499}.Release|x86.ActiveCfg = Release|Any CPU
		{3A61DEDC-A2D3-442C-A709-34CC046F7499}.Release|x86.Build.0 = Release|Any CPU
		{C3932499-81ED-F2BB-92DE-A4548D443373}.Debug|Any CPU.ActiveCfg = Debug|Any CPU
		{C3932499-81ED-F2BB-92DE-A4548D443373}.Debug|Any CPU.Build.0 = Debug|Any CPU
		{C3932499-81ED-F2BB-92DE-A4548D443373}.Debug|x64.ActiveCfg = Debug|Any CPU
		{C3932499-81ED-F2BB-92DE-A4548D443373}.Debug|x64.Build.0 = Debug|Any CPU
		{C3932499-81ED-F2BB-92DE-A4548D443373}.Debug|x86.ActiveCfg = Debug|Any CPU
		{C3932499-81ED-F2BB-92DE-A4548D443373}.Debug|x86.Build.0 = Debug|Any CPU
		{C3932499-81ED-F2BB-92DE-A4548D443373}.Release|Any CPU.ActiveCfg = Release|Any CPU
		{C3932499-81ED-F2BB-92DE-A4548D443373}.Release|Any CPU.Build.0 = Release|Any CPU
		{C3932499-81ED-F2BB-92DE-A4548D443373}.Release|x64.ActiveCfg = Release|Any CPU
		{C3932499-81ED-F2BB-92DE-A4548D443373}.Release|x64.Build.0 = Release|Any CPU
		{C3932499-81ED-F2BB-92DE-A4548D443373}.Release|x86.ActiveCfg = Release|Any CPU
		{C3932499-81ED-F2BB-92DE-A4548D443373}.Release|x86.Build.0 = Release|Any CPU
		{6E31CEBB-B34E-AB20-F697-39F0E389A818}.Debug|Any CPU.ActiveCfg = Debug|Any CPU
		{6E31CEBB-B34E-AB20-F697-39F0E389A818}.Debug|Any CPU.Build.0 = Debug|Any CPU
		{6E31CEBB-B34E-AB20-F697-39F0E389A818}.Debug|x64.ActiveCfg = Debug|Any CPU
		{6E31CEBB-B34E-AB20-F697-39F0E389A818}.Debug|x64.Build.0 = Debug|Any CPU
		{6E31CEBB-B34E-AB20-F697-39F0E389A818}.Debug|x86.ActiveCfg = Debug|Any CPU
		{6E31CEBB-B34E-AB20-F697-39F0E389A818}.Debug|x86.Build.0 = Debug|Any CPU
		{6E31CEBB-B34E-AB20-F697-39F0E389A818}.Release|Any CPU.ActiveCfg = Release|Any CPU
		{6E31CEBB-B34E-AB20-F697-39F0E389A818}.Release|Any CPU.Build.0 = Release|Any CPU
		{6E31CEBB-B34E-AB20-F697-39F0E389A818}.Release|x64.ActiveCfg = Release|Any CPU
		{6E31CEBB-B34E-AB20-F697-39F0E389A818}.Release|x64.Build.0 = Release|Any CPU
		{6E31CEBB-B34E-AB20-F697-39F0E389A818}.Release|x86.ActiveCfg = Release|Any CPU
		{6E31CEBB-B34E-AB20-F697-39F0E389A818}.Release|x86.Build.0 = Release|Any CPU
		{4F2D8BC9-1A3E-4D7F-B5C9-8E9F1D2A3B4C}.Debug|Any CPU.ActiveCfg = Debug|Any CPU
		{4F2D8BC9-1A3E-4D7F-B5C9-8E9F1D2A3B4C}.Debug|Any CPU.Build.0 = Debug|Any CPU
		{4F2D8BC9-1A3E-4D7F-B5C9-8E9F1D2A3B4C}.Debug|x64.ActiveCfg = Debug|Any CPU
		{4F2D8BC9-1A3E-4D7F-B5C9-8E9F1D2A3B4C}.Debug|x64.Build.0 = Debug|Any CPU
		{4F2D8BC9-1A3E-4D7F-B5C9-8E9F1D2A3B4C}.Debug|x86.ActiveCfg = Debug|Any CPU
		{4F2D8BC9-1A3E-4D7F-B5C9-8E9F1D2A3B4C}.Debug|x86.Build.0 = Debug|Any CPU
		{4F2D8BC9-1A3E-4D7F-B5C9-8E9F1D2A3B4C}.Release|Any CPU.ActiveCfg = Release|Any CPU
		{4F2D8BC9-1A3E-4D7F-B5C9-8E9F1D2A3B4C}.Release|Any CPU.Build.0 = Release|Any CPU
		{4F2D8BC9-1A3E-4D7F-B5C9-8E9F1D2A3B4C}.Release|x64.ActiveCfg = Release|Any CPU
		{4F2D8BC9-1A3E-4D7F-B5C9-8E9F1D2A3B4C}.Release|x64.Build.0 = Release|Any CPU
		{4F2D8BC9-1A3E-4D7F-B5C9-8E9F1D2A3B4C}.Release|x86.ActiveCfg = Release|Any CPU
		{4F2D8BC9-1A3E-4D7F-B5C9-8E9F1D2A3B4C}.Release|x86.Build.0 = Release|Any CPU
	EndGlobalSection
	GlobalSection(SolutionProperties) = preSolution
		HideSolutionNode = FALSE
	EndGlobalSection
	GlobalSection(NestedProjects) = preSolution
		{A4F277BC-A403-49D6-8F68-86A9801C84AE} = {02EA681E-C7D8-13C7-8484-4AC65E1B71E8}
		{5AB13FB2-34F9-4388-AA59-AE428F88CE5D} = {02EA681E-C7D8-13C7-8484-4AC65E1B71E8}
		{711480CE-B236-4E2B-A79E-1CFA6ECB0F1F} = {B9651AC5-56FD-4860-ADDA-27E67FCD75D4}
		{8BF330D4-DC30-A21E-F758-FD3E97D1D926} = {0D2BF9AB-6598-46B6-9D64-59E4B546DA61}
		{6FD1EA2E-C2EC-4113-B8C9-643DBE4D9881} = {0D2BF9AB-6598-46B6-9D64-59E4B546DA61}
		{1CD2B7CB-9564-A086-4DA6-460FE2419599} = {0D2BF9AB-6598-46B6-9D64-59E4B546DA61}
		{0CE8141A-7032-0687-125B-CD1E77EDF441} = {02EA681E-C7D8-13C7-8484-4AC65E1B71E8}
		{0A3795E9-CA78-DA2E-0F89-929A5C7E1305} = {0D2BF9AB-6598-46B6-9D64-59E4B546DA61}
		{3A61DEDC-A2D3-442C-A709-34CC046F7499} = {02EA681E-C7D8-13C7-8484-4AC65E1B71E8}
		{C3932499-81ED-F2BB-92DE-A4548D443373} = {02EA681E-C7D8-13C7-8484-4AC65E1B71E8}
		{6E31CEBB-B34E-AB20-F697-39F0E389A818} = {0D2BF9AB-6598-46B6-9D64-59E4B546DA61}
		{4F2D8BC9-1A3E-4D7F-B5C9-8E9F1D2A3B4C} = {0D2BF9AB-6598-46B6-9D64-59E4B546DA61}
	EndGlobalSection
	GlobalSection(ExtensibilityGlobals) = postSolution
		SolutionGuid = {F2330629-3D38-4DEB-969C-24196B99DAB2}
	EndGlobalSection
EndGlobal
