
Microsoft Visual Studio Solution File, Format Version 12.00
# Visual Studio Version 17
VisualStudioVersion = 17.14.36429.23
MinimumVisualStudioVersion = 10.0.40219.1
Project("{2150E333-8FDC-42A3-9474-1A3956D46DE8}") = "src", "src", "{02EA681E-C7D8-13C7-8484-4AC65E1B71E8}"
EndProject
Project("{2150E333-8FDC-42A3-9474-1A3956D46DE8}") = "tests", "tests", "{0D2BF9AB-6598-46B6-9D64-59E4B546DA61}"
EndProject
Project("{2150E333-8FDC-42A3-9474-1A3956D46DE8}") = "samples", "samples", "{B9651AC5-56FD-4860-ADDA-27E67FCD75D4}"
EndProject
Project("{FAE04EC0-301F-11D3-BF4B-00C04F79EFBC}") = "Rivulet.Console.Sample", "samples\Rivulet.Console.Sample\Rivulet.Console.Sample.csproj", "{711480CE-B236-4E2B-A79E-1CFA6ECB0F1F}"
EndProject
Project("{FAE04EC0-301F-11D3-BF4B-00C04F79EFBC}") = "Rivulet.Core", "src\Rivulet.Core\Rivulet.Core.csproj", "{A4F277BC-A403-49D6-8F68-86A9801C84AE}"
EndProject
Project("{FAE04EC0-301F-11D3-BF4B-00C04F79EFBC}") = "Rivulet.Diagnostics", "src\Rivulet.Diagnostics\Rivulet.Diagnostics.csproj", "{5AB13FB2-34F9-4388-AA59-AE428F88CE5D}"
EndProject
Project("{FAE04EC0-301F-11D3-BF4B-00C04F79EFBC}") = "Rivulet.Diagnostics.OpenTelemetry", "src\Rivulet.Diagnostics.OpenTelemetry\Rivulet.Diagnostics.OpenTelemetry.csproj", "{0CE8141A-7032-0687-125B-CD1E77EDF441}"
EndProject
Project("{FAE04EC0-301F-11D3-BF4B-00C04F79EFBC}") = "Rivulet.Hosting", "src\Rivulet.Hosting\Rivulet.Hosting.csproj", "{3A61DEDC-A2D3-442C-A709-34CC046F7499}"
EndProject
Project("{FAE04EC0-301F-11D3-BF4B-00C04F79EFBC}") = "Rivulet.Testing", "src\Rivulet.Testing\Rivulet.Testing.csproj", "{C3932499-81ED-F2BB-92DE-A4548D443373}"
EndProject
Project("{FAE04EC0-301F-11D3-BF4B-00C04F79EFBC}") = "Rivulet.Core.Tests", "tests\Rivulet.Core.Tests\Rivulet.Core.Tests.csproj", "{8BF330D4-DC30-A21E-F758-FD3E97D1D926}"
EndProject
Project("{FAE04EC0-301F-11D3-BF4B-00C04F79EFBC}") = "Rivulet.Diagnostics.Tests", "tests\Rivulet.Diagnostics.Tests\Rivulet.Diagnostics.Tests.csproj", "{6FD1EA2E-C2EC-4113-B8C9-643DBE4D9881}"
EndProject
Project("{FAE04EC0-301F-11D3-BF4B-00C04F79EFBC}") = "Rivulet.Diagnostics.OpenTelemetry.Tests", "tests\Rivulet.Diagnostics.OpenTelemetry.Tests\Rivulet.Diagnostics.OpenTelemetry.Tests.csproj", "{0A3795E9-CA78-DA2E-0F89-929A5C7E1305}"
EndProject
Project("{FAE04EC0-301F-11D3-BF4B-00C04F79EFBC}") = "Rivulet.Testing.Tests", "tests\Rivulet.Testing.Tests\Rivulet.Testing.Tests.csproj", "{6E31CEBB-B34E-AB20-F697-39F0E389A818}"
EndProject
Project("{FAE04EC0-301F-11D3-BF4B-00C04F79EFBC}") = "Rivulet.Hosting.Tests", "tests\Rivulet.Hosting.Tests\Rivulet.Hosting.Tests.csproj", "{4F2D8BC9-1A3E-4D7F-B5C9-8E9F1D2A3B4C}"
EndProject
Project("{FAE04EC0-301F-11D3-BF4B-00C04F79EFBC}") = "Rivulet.Diagnostics.Sample", "samples\Rivulet.Diagnostics.Sample\Rivulet.Diagnostics.Sample.csproj", "{DE16F526-F056-9A26-3953-4FE8C9D9FB2A}"
EndProject
Project("{FAE04EC0-301F-11D3-BF4B-00C04F79EFBC}") = "Rivulet.Hosting.Sample", "samples\Rivulet.Hosting.Sample\Rivulet.Hosting.Sample.csproj", "{A94FA6BA-F9C8-523A-B893-9916C5544A32}"
EndProject
Project("{FAE04EC0-301F-11D3-BF4B-00C04F79EFBC}") = "Rivulet.OpenTelemetry.Sample", "samples\Rivulet.OpenTelemetry.Sample\Rivulet.OpenTelemetry.Sample.csproj", "{127AE2A1-55F3-F9BB-7EFF-A747D9E6F2F2}"
EndProject
Project("{FAE04EC0-301F-11D3-BF4B-00C04F79EFBC}") = "Rivulet.Testing.Sample", "samples\Rivulet.Testing.Sample\Rivulet.Testing.Sample.csproj", "{A8768966-0B0E-4E73-8C81-62AD8B84B0DB}"
EndProject
Project("{2150E333-8FDC-42A3-9474-1A3956D46DE8}") = "Solution Items", "Solution Items", "{8EC462FD-D22E-90A8-E5CE-7E832BA40C5D}"
	ProjectSection(SolutionItems) = preProject
		.gitattributes = .gitattributes
		.gitignore = .gitignore
		.github\ISSUE_TEMPLATE\bug_report.md = .github\ISSUE_TEMPLATE\bug_report.md
		CODE_OF_CONDUCT.md = CODE_OF_CONDUCT.md
		CONTRIBUTING.md = CONTRIBUTING.md
		.github\ISSUE_TEMPLATE\feature_request.md = .github\ISSUE_TEMPLATE\feature_request.md
		LICENSE.txt = LICENSE.txt
		README.md = README.md
		Rivulet.sln.DotSettings.user = Rivulet.sln.DotSettings.user
		SECURITY.md = SECURITY.md
	EndProjectSection
EndProject
Project("{FAE04EC0-301F-11D3-BF4B-00C04F79EFBC}") = "Rivulet.Benchmarks", "tests\Rivulet.Benchmarks\Rivulet.Benchmarks.csproj", "{1CD2B7CB-9564-A086-4DA6-460FE2419599}"
EndProject
Project("{FAE04EC0-301F-11D3-BF4B-00C04F79EFBC}") = "Rivulet.Http", "src\Rivulet.Http\Rivulet.Http.csproj", "{C7B02997-CD58-6EC0-A463-EEC751DE9A8C}"
EndProject
Project("{FAE04EC0-301F-11D3-BF4B-00C04F79EFBC}") = "Rivulet.Http.Tests", "tests\Rivulet.Http.Tests\Rivulet.Http.Tests.csproj", "{4C0BE19B-6FA6-00CC-0300-F3313AC8A54E}"
EndProject
Project("{FAE04EC0-301F-11D3-BF4B-00C04F79EFBC}") = "Rivulet.Sql", "src\Rivulet.Sql\Rivulet.Sql.csproj", "{F14AE9B5-58C6-4DCB-A8AB-2EE66A16D661}"
EndProject
Project("{FAE04EC0-301F-11D3-BF4B-00C04F79EFBC}") = "Rivulet.Sql.Tests", "tests\Rivulet.Sql.Tests\Rivulet.Sql.Tests.csproj", "{F53A2230-9B7D-4342-AEA7-370CDD02E4B5}"
EndProject
Project("{FAE04EC0-301F-11D3-BF4B-00C04F79EFBC}") = "Rivulet.Polly", "src\Rivulet.Polly\Rivulet.Polly.csproj", "{B675DDE3-CBC4-472D-A1D2-5EABD6955372}"
EndProject
Project("{FAE04EC0-301F-11D3-BF4B-00C04F79EFBC}") = "Rivulet.Polly.Tests", "tests\Rivulet.Polly.Tests\Rivulet.Polly.Tests.csproj", "{E7F75E12-A7B5-2A3D-DA2A-8E4E3F940E34}"
EndProject
Project("{FAE04EC0-301F-11D3-BF4B-00C04F79EFBC}") = "Rivulet.Sql.PostgreSql.Tests", "tests\Rivulet.Sql.PostgreSql.Tests\Rivulet.Sql.PostgreSql.Tests.csproj", "{9A6436EC-D55B-080C-EAD9-6CD0673A00D9}"
EndProject
Project("{FAE04EC0-301F-11D3-BF4B-00C04F79EFBC}") = "Rivulet.Sql.SqlServer.Tests", "tests\Rivulet.Sql.SqlServer.Tests\Rivulet.Sql.SqlServer.Tests.csproj", "{649BF3FA-4489-ED0C-8603-EA4215C8FB4C}"
EndProject
Project("{FAE04EC0-301F-11D3-BF4B-00C04F79EFBC}") = "Rivulet.Sql.MySql", "src\Rivulet.Sql.MySql\Rivulet.Sql.MySql.csproj", "{D9350E8A-CECA-23D8-EB68-A3B7A751C236}"
EndProject
Project("{FAE04EC0-301F-11D3-BF4B-00C04F79EFBC}") = "Rivulet.Sql.SqlServer", "src\Rivulet.Sql.SqlServer\Rivulet.Sql.SqlServer.csproj", "{7EE7DE0E-CF82-C5FB-A400-39DA2A0817A1}"
EndProject
Project("{FAE04EC0-301F-11D3-BF4B-00C04F79EFBC}") = "Rivulet.Sql.PostgreSql", "src\Rivulet.Sql.PostgreSql\Rivulet.Sql.PostgreSql.csproj", "{2F9D2A7F-2D9D-32BE-9E6B-3A4E7B9FAF9B}"
EndProject
Project("{FAE04EC0-301F-11D3-BF4B-00C04F79EFBC}") = "Rivulet.Sql.MySql.Tests", "tests\Rivulet.Sql.MySql.Tests\Rivulet.Sql.MySql.Tests.csproj", "{6DE58E01-4D38-6857-D7A2-2052EF5A000F}"
EndProject
Project("{FAE04EC0-301F-11D3-BF4B-00C04F79EFBC}") = "Rivulet.IO", "src\Rivulet.IO\Rivulet.IO.csproj", "{A08EDF73-8D9C-46F2-B5A7-1EA645373E54}"
EndProject
Project("{FAE04EC0-301F-11D3-BF4B-00C04F79EFBC}") = "Rivulet.IO.Tests", "tests\Rivulet.IO.Tests\Rivulet.IO.Tests.csproj", "{CB773213-2C88-4D1F-99A4-F4EEA93076C5}"
EndProject
Project("{FAE04EC0-301F-11D3-BF4B-00C04F79EFBC}") = "Rivulet.Http.Sample", "samples\Rivulet.Http.Sample\Rivulet.Http.Sample.csproj", "{A32DD4C6-EA05-4011-BEEE-D44AE0116296}"
EndProject
Project("{FAE04EC0-301F-11D3-BF4B-00C04F79EFBC}") = "Rivulet.IO.Sample", "samples\Rivulet.IO.Sample\Rivulet.IO.Sample.csproj", "{DE2C7404-C423-44B5-9CD7-85CDEE365B26}"
EndProject
Project("{FAE04EC0-301F-11D3-BF4B-00C04F79EFBC}") = "Rivulet.Polly.Sample", "samples\Rivulet.Polly.Sample\Rivulet.Polly.Sample.csproj", "{5F3ADB10-0E6E-4D22-904C-C47EDE82A7F7}"
EndProject
Project("{FAE04EC0-301F-11D3-BF4B-00C04F79EFBC}") = "Rivulet.Sql.Sample", "samples\Rivulet.Sql.Sample\Rivulet.Sql.Sample.csproj", "{9F3F1C02-D68B-4B1A-AF46-AE663C426ABF}"
EndProject
Project("{FAE04EC0-301F-11D3-BF4B-00C04F79EFBC}") = "Rivulet.Sql.SqlServer.Sample", "samples\Rivulet.Sql.SqlServer.Sample\Rivulet.Sql.SqlServer.Sample.csproj", "{E889F752-6CBD-4247-940D-BD46C6A9E7C4}"
EndProject
Project("{FAE04EC0-301F-11D3-BF4B-00C04F79EFBC}") = "Rivulet.Sql.MySql.Sample", "samples\Rivulet.Sql.MySql.Sample\Rivulet.Sql.MySql.Sample.csproj", "{39429758-CFBE-4CC1-B626-2B47D3C4B0D5}"
EndProject
Project("{FAE04EC0-301F-11D3-BF4B-00C04F79EFBC}") = "Rivulet.Sql.PostgreSql.Sample", "samples\Rivulet.Sql.PostgreSql.Sample\Rivulet.Sql.PostgreSql.Sample.csproj", "{BB61DD0D-500B-42F7-A70C-6011BDEC311B}"
EndProject
Global
	GlobalSection(SolutionConfigurationPlatforms) = preSolution
		Debug|Any CPU = Debug|Any CPU
		Debug|x64 = Debug|x64
		Debug|x86 = Debug|x86
		Release|Any CPU = Release|Any CPU
		Release|x64 = Release|x64
		Release|x86 = Release|x86
	EndGlobalSection
	GlobalSection(ProjectConfigurationPlatforms) = postSolution
		{711480CE-B236-4E2B-A79E-1CFA6ECB0F1F}.Debug|Any CPU.ActiveCfg = Debug|Any CPU
		{711480CE-B236-4E2B-A79E-1CFA6ECB0F1F}.Debug|Any CPU.Build.0 = Debug|Any CPU
		{711480CE-B236-4E2B-A79E-1CFA6ECB0F1F}.Debug|x64.ActiveCfg = Debug|Any CPU
		{711480CE-B236-4E2B-A79E-1CFA6ECB0F1F}.Debug|x64.Build.0 = Debug|Any CPU
		{711480CE-B236-4E2B-A79E-1CFA6ECB0F1F}.Debug|x86.ActiveCfg = Debug|Any CPU
		{711480CE-B236-4E2B-A79E-1CFA6ECB0F1F}.Debug|x86.Build.0 = Debug|Any CPU
		{711480CE-B236-4E2B-A79E-1CFA6ECB0F1F}.Release|Any CPU.ActiveCfg = Release|Any CPU
		{711480CE-B236-4E2B-A79E-1CFA6ECB0F1F}.Release|Any CPU.Build.0 = Release|Any CPU
		{711480CE-B236-4E2B-A79E-1CFA6ECB0F1F}.Release|x64.ActiveCfg = Release|Any CPU
		{711480CE-B236-4E2B-A79E-1CFA6ECB0F1F}.Release|x64.Build.0 = Release|Any CPU
		{711480CE-B236-4E2B-A79E-1CFA6ECB0F1F}.Release|x86.ActiveCfg = Release|Any CPU
		{711480CE-B236-4E2B-A79E-1CFA6ECB0F1F}.Release|x86.Build.0 = Release|Any CPU
		{A4F277BC-A403-49D6-8F68-86A9801C84AE}.Debug|Any CPU.ActiveCfg = Debug|Any CPU
		{A4F277BC-A403-49D6-8F68-86A9801C84AE}.Debug|Any CPU.Build.0 = Debug|Any CPU
		{A4F277BC-A403-49D6-8F68-86A9801C84AE}.Debug|x64.ActiveCfg = Debug|Any CPU
		{A4F277BC-A403-49D6-8F68-86A9801C84AE}.Debug|x64.Build.0 = Debug|Any CPU
		{A4F277BC-A403-49D6-8F68-86A9801C84AE}.Debug|x86.ActiveCfg = Debug|Any CPU
		{A4F277BC-A403-49D6-8F68-86A9801C84AE}.Debug|x86.Build.0 = Debug|Any CPU
		{A4F277BC-A403-49D6-8F68-86A9801C84AE}.Release|Any CPU.ActiveCfg = Release|Any CPU
		{A4F277BC-A403-49D6-8F68-86A9801C84AE}.Release|Any CPU.Build.0 = Release|Any CPU
		{A4F277BC-A403-49D6-8F68-86A9801C84AE}.Release|x64.ActiveCfg = Release|Any CPU
		{A4F277BC-A403-49D6-8F68-86A9801C84AE}.Release|x64.Build.0 = Release|Any CPU
		{A4F277BC-A403-49D6-8F68-86A9801C84AE}.Release|x86.ActiveCfg = Release|Any CPU
		{A4F277BC-A403-49D6-8F68-86A9801C84AE}.Release|x86.Build.0 = Release|Any CPU
		{5AB13FB2-34F9-4388-AA59-AE428F88CE5D}.Debug|Any CPU.ActiveCfg = Debug|Any CPU
		{5AB13FB2-34F9-4388-AA59-AE428F88CE5D}.Debug|Any CPU.Build.0 = Debug|Any CPU
		{5AB13FB2-34F9-4388-AA59-AE428F88CE5D}.Debug|x64.ActiveCfg = Debug|Any CPU
		{5AB13FB2-34F9-4388-AA59-AE428F88CE5D}.Debug|x64.Build.0 = Debug|Any CPU
		{5AB13FB2-34F9-4388-AA59-AE428F88CE5D}.Debug|x86.ActiveCfg = Debug|Any CPU
		{5AB13FB2-34F9-4388-AA59-AE428F88CE5D}.Debug|x86.Build.0 = Debug|Any CPU
		{5AB13FB2-34F9-4388-AA59-AE428F88CE5D}.Release|Any CPU.ActiveCfg = Release|Any CPU
		{5AB13FB2-34F9-4388-AA59-AE428F88CE5D}.Release|Any CPU.Build.0 = Release|Any CPU
		{5AB13FB2-34F9-4388-AA59-AE428F88CE5D}.Release|x64.ActiveCfg = Release|Any CPU
		{5AB13FB2-34F9-4388-AA59-AE428F88CE5D}.Release|x64.Build.0 = Release|Any CPU
		{5AB13FB2-34F9-4388-AA59-AE428F88CE5D}.Release|x86.ActiveCfg = Release|Any CPU
		{5AB13FB2-34F9-4388-AA59-AE428F88CE5D}.Release|x86.Build.0 = Release|Any CPU
		{0CE8141A-7032-0687-125B-CD1E77EDF441}.Debug|Any CPU.ActiveCfg = Debug|Any CPU
		{0CE8141A-7032-0687-125B-CD1E77EDF441}.Debug|Any CPU.Build.0 = Debug|Any CPU
		{0CE8141A-7032-0687-125B-CD1E77EDF441}.Debug|x64.ActiveCfg = Debug|Any CPU
		{0CE8141A-7032-0687-125B-CD1E77EDF441}.Debug|x64.Build.0 = Debug|Any CPU
		{0CE8141A-7032-0687-125B-CD1E77EDF441}.Debug|x86.ActiveCfg = Debug|Any CPU
		{0CE8141A-7032-0687-125B-CD1E77EDF441}.Debug|x86.Build.0 = Debug|Any CPU
		{0CE8141A-7032-0687-125B-CD1E77EDF441}.Release|Any CPU.ActiveCfg = Release|Any CPU
		{0CE8141A-7032-0687-125B-CD1E77EDF441}.Release|Any CPU.Build.0 = Release|Any CPU
		{0CE8141A-7032-0687-125B-CD1E77EDF441}.Release|x64.ActiveCfg = Release|Any CPU
		{0CE8141A-7032-0687-125B-CD1E77EDF441}.Release|x64.Build.0 = Release|Any CPU
		{0CE8141A-7032-0687-125B-CD1E77EDF441}.Release|x86.ActiveCfg = Release|Any CPU
		{0CE8141A-7032-0687-125B-CD1E77EDF441}.Release|x86.Build.0 = Release|Any CPU
		{3A61DEDC-A2D3-442C-A709-34CC046F7499}.Debug|Any CPU.ActiveCfg = Debug|Any CPU
		{3A61DEDC-A2D3-442C-A709-34CC046F7499}.Debug|Any CPU.Build.0 = Debug|Any CPU
		{3A61DEDC-A2D3-442C-A709-34CC046F7499}.Debug|x64.ActiveCfg = Debug|Any CPU
		{3A61DEDC-A2D3-442C-A709-34CC046F7499}.Debug|x64.Build.0 = Debug|Any CPU
		{3A61DEDC-A2D3-442C-A709-34CC046F7499}.Debug|x86.ActiveCfg = Debug|Any CPU
		{3A61DEDC-A2D3-442C-A709-34CC046F7499}.Debug|x86.Build.0 = Debug|Any CPU
		{3A61DEDC-A2D3-442C-A709-34CC046F7499}.Release|Any CPU.ActiveCfg = Release|Any CPU
		{3A61DEDC-A2D3-442C-A709-34CC046F7499}.Release|Any CPU.Build.0 = Release|Any CPU
		{3A61DEDC-A2D3-442C-A709-34CC046F7499}.Release|x64.ActiveCfg = Release|Any CPU
		{3A61DEDC-A2D3-442C-A709-34CC046F7499}.Release|x64.Build.0 = Release|Any CPU
		{3A61DEDC-A2D3-442C-A709-34CC046F7499}.Release|x86.ActiveCfg = Release|Any CPU
		{3A61DEDC-A2D3-442C-A709-34CC046F7499}.Release|x86.Build.0 = Release|Any CPU
		{C3932499-81ED-F2BB-92DE-A4548D443373}.Debug|Any CPU.ActiveCfg = Debug|Any CPU
		{C3932499-81ED-F2BB-92DE-A4548D443373}.Debug|Any CPU.Build.0 = Debug|Any CPU
		{C3932499-81ED-F2BB-92DE-A4548D443373}.Debug|x64.ActiveCfg = Debug|Any CPU
		{C3932499-81ED-F2BB-92DE-A4548D443373}.Debug|x64.Build.0 = Debug|Any CPU
		{C3932499-81ED-F2BB-92DE-A4548D443373}.Debug|x86.ActiveCfg = Debug|Any CPU
		{C3932499-81ED-F2BB-92DE-A4548D443373}.Debug|x86.Build.0 = Debug|Any CPU
		{C3932499-81ED-F2BB-92DE-A4548D443373}.Release|Any CPU.ActiveCfg = Release|Any CPU
		{C3932499-81ED-F2BB-92DE-A4548D443373}.Release|Any CPU.Build.0 = Release|Any CPU
		{C3932499-81ED-F2BB-92DE-A4548D443373}.Release|x64.ActiveCfg = Release|Any CPU
		{C3932499-81ED-F2BB-92DE-A4548D443373}.Release|x64.Build.0 = Release|Any CPU
		{C3932499-81ED-F2BB-92DE-A4548D443373}.Release|x86.ActiveCfg = Release|Any CPU
		{C3932499-81ED-F2BB-92DE-A4548D443373}.Release|x86.Build.0 = Release|Any CPU
		{8BF330D4-DC30-A21E-F758-FD3E97D1D926}.Debug|Any CPU.ActiveCfg = Debug|Any CPU
		{8BF330D4-DC30-A21E-F758-FD3E97D1D926}.Debug|Any CPU.Build.0 = Debug|Any CPU
		{8BF330D4-DC30-A21E-F758-FD3E97D1D926}.Debug|x64.ActiveCfg = Debug|Any CPU
		{8BF330D4-DC30-A21E-F758-FD3E97D1D926}.Debug|x64.Build.0 = Debug|Any CPU
		{8BF330D4-DC30-A21E-F758-FD3E97D1D926}.Debug|x86.ActiveCfg = Debug|Any CPU
		{8BF330D4-DC30-A21E-F758-FD3E97D1D926}.Debug|x86.Build.0 = Debug|Any CPU
		{8BF330D4-DC30-A21E-F758-FD3E97D1D926}.Release|Any CPU.ActiveCfg = Release|Any CPU
		{8BF330D4-DC30-A21E-F758-FD3E97D1D926}.Release|Any CPU.Build.0 = Release|Any CPU
		{8BF330D4-DC30-A21E-F758-FD3E97D1D926}.Release|x64.ActiveCfg = Release|Any CPU
		{8BF330D4-DC30-A21E-F758-FD3E97D1D926}.Release|x64.Build.0 = Release|Any CPU
		{8BF330D4-DC30-A21E-F758-FD3E97D1D926}.Release|x86.ActiveCfg = Release|Any CPU
		{8BF330D4-DC30-A21E-F758-FD3E97D1D926}.Release|x86.Build.0 = Release|Any CPU
		{6FD1EA2E-C2EC-4113-B8C9-643DBE4D9881}.Debug|Any CPU.ActiveCfg = Debug|Any CPU
		{6FD1EA2E-C2EC-4113-B8C9-643DBE4D9881}.Debug|Any CPU.Build.0 = Debug|Any CPU
		{6FD1EA2E-C2EC-4113-B8C9-643DBE4D9881}.Debug|x64.ActiveCfg = Debug|Any CPU
		{6FD1EA2E-C2EC-4113-B8C9-643DBE4D9881}.Debug|x64.Build.0 = Debug|Any CPU
		{6FD1EA2E-C2EC-4113-B8C9-643DBE4D9881}.Debug|x86.ActiveCfg = Debug|Any CPU
		{6FD1EA2E-C2EC-4113-B8C9-643DBE4D9881}.Debug|x86.Build.0 = Debug|Any CPU
		{6FD1EA2E-C2EC-4113-B8C9-643DBE4D9881}.Release|Any CPU.ActiveCfg = Release|Any CPU
		{6FD1EA2E-C2EC-4113-B8C9-643DBE4D9881}.Release|Any CPU.Build.0 = Release|Any CPU
		{6FD1EA2E-C2EC-4113-B8C9-643DBE4D9881}.Release|x64.ActiveCfg = Release|Any CPU
		{6FD1EA2E-C2EC-4113-B8C9-643DBE4D9881}.Release|x64.Build.0 = Release|Any CPU
		{6FD1EA2E-C2EC-4113-B8C9-643DBE4D9881}.Release|x86.ActiveCfg = Release|Any CPU
		{6FD1EA2E-C2EC-4113-B8C9-643DBE4D9881}.Release|x86.Build.0 = Release|Any CPU
		{0A3795E9-CA78-DA2E-0F89-929A5C7E1305}.Debug|Any CPU.ActiveCfg = Debug|Any CPU
		{0A3795E9-CA78-DA2E-0F89-929A5C7E1305}.Debug|Any CPU.Build.0 = Debug|Any CPU
		{0A3795E9-CA78-DA2E-0F89-929A5C7E1305}.Debug|x64.ActiveCfg = Debug|Any CPU
		{0A3795E9-CA78-DA2E-0F89-929A5C7E1305}.Debug|x64.Build.0 = Debug|Any CPU
		{0A3795E9-CA78-DA2E-0F89-929A5C7E1305}.Debug|x86.ActiveCfg = Debug|Any CPU
		{0A3795E9-CA78-DA2E-0F89-929A5C7E1305}.Debug|x86.Build.0 = Debug|Any CPU
		{0A3795E9-CA78-DA2E-0F89-929A5C7E1305}.Release|Any CPU.ActiveCfg = Release|Any CPU
		{0A3795E9-CA78-DA2E-0F89-929A5C7E1305}.Release|Any CPU.Build.0 = Release|Any CPU
		{0A3795E9-CA78-DA2E-0F89-929A5C7E1305}.Release|x64.ActiveCfg = Release|Any CPU
		{0A3795E9-CA78-DA2E-0F89-929A5C7E1305}.Release|x64.Build.0 = Release|Any CPU
		{0A3795E9-CA78-DA2E-0F89-929A5C7E1305}.Release|x86.ActiveCfg = Release|Any CPU
		{0A3795E9-CA78-DA2E-0F89-929A5C7E1305}.Release|x86.Build.0 = Release|Any CPU
		{6E31CEBB-B34E-AB20-F697-39F0E389A818}.Debug|Any CPU.ActiveCfg = Debug|Any CPU
		{6E31CEBB-B34E-AB20-F697-39F0E389A818}.Debug|Any CPU.Build.0 = Debug|Any CPU
		{6E31CEBB-B34E-AB20-F697-39F0E389A818}.Debug|x64.ActiveCfg = Debug|Any CPU
		{6E31CEBB-B34E-AB20-F697-39F0E389A818}.Debug|x64.Build.0 = Debug|Any CPU
		{6E31CEBB-B34E-AB20-F697-39F0E389A818}.Debug|x86.ActiveCfg = Debug|Any CPU
		{6E31CEBB-B34E-AB20-F697-39F0E389A818}.Debug|x86.Build.0 = Debug|Any CPU
		{6E31CEBB-B34E-AB20-F697-39F0E389A818}.Release|Any CPU.ActiveCfg = Release|Any CPU
		{6E31CEBB-B34E-AB20-F697-39F0E389A818}.Release|Any CPU.Build.0 = Release|Any CPU
		{6E31CEBB-B34E-AB20-F697-39F0E389A818}.Release|x64.ActiveCfg = Release|Any CPU
		{6E31CEBB-B34E-AB20-F697-39F0E389A818}.Release|x64.Build.0 = Release|Any CPU
		{6E31CEBB-B34E-AB20-F697-39F0E389A818}.Release|x86.ActiveCfg = Release|Any CPU
		{6E31CEBB-B34E-AB20-F697-39F0E389A818}.Release|x86.Build.0 = Release|Any CPU
		{4F2D8BC9-1A3E-4D7F-B5C9-8E9F1D2A3B4C}.Debug|Any CPU.ActiveCfg = Debug|Any CPU
		{4F2D8BC9-1A3E-4D7F-B5C9-8E9F1D2A3B4C}.Debug|Any CPU.Build.0 = Debug|Any CPU
		{4F2D8BC9-1A3E-4D7F-B5C9-8E9F1D2A3B4C}.Debug|x64.ActiveCfg = Debug|Any CPU
		{4F2D8BC9-1A3E-4D7F-B5C9-8E9F1D2A3B4C}.Debug|x64.Build.0 = Debug|Any CPU
		{4F2D8BC9-1A3E-4D7F-B5C9-8E9F1D2A3B4C}.Debug|x86.ActiveCfg = Debug|Any CPU
		{4F2D8BC9-1A3E-4D7F-B5C9-8E9F1D2A3B4C}.Debug|x86.Build.0 = Debug|Any CPU
		{4F2D8BC9-1A3E-4D7F-B5C9-8E9F1D2A3B4C}.Release|Any CPU.ActiveCfg = Release|Any CPU
		{4F2D8BC9-1A3E-4D7F-B5C9-8E9F1D2A3B4C}.Release|Any CPU.Build.0 = Release|Any CPU
		{4F2D8BC9-1A3E-4D7F-B5C9-8E9F1D2A3B4C}.Release|x64.ActiveCfg = Release|Any CPU
		{4F2D8BC9-1A3E-4D7F-B5C9-8E9F1D2A3B4C}.Release|x64.Build.0 = Release|Any CPU
		{4F2D8BC9-1A3E-4D7F-B5C9-8E9F1D2A3B4C}.Release|x86.ActiveCfg = Release|Any CPU
		{4F2D8BC9-1A3E-4D7F-B5C9-8E9F1D2A3B4C}.Release|x86.Build.0 = Release|Any CPU
		{DE16F526-F056-9A26-3953-4FE8C9D9FB2A}.Debug|Any CPU.ActiveCfg = Debug|Any CPU
		{DE16F526-F056-9A26-3953-4FE8C9D9FB2A}.Debug|Any CPU.Build.0 = Debug|Any CPU
		{DE16F526-F056-9A26-3953-4FE8C9D9FB2A}.Debug|x64.ActiveCfg = Debug|Any CPU
		{DE16F526-F056-9A26-3953-4FE8C9D9FB2A}.Debug|x64.Build.0 = Debug|Any CPU
		{DE16F526-F056-9A26-3953-4FE8C9D9FB2A}.Debug|x86.ActiveCfg = Debug|Any CPU
		{DE16F526-F056-9A26-3953-4FE8C9D9FB2A}.Debug|x86.Build.0 = Debug|Any CPU
		{DE16F526-F056-9A26-3953-4FE8C9D9FB2A}.Release|Any CPU.ActiveCfg = Release|Any CPU
		{DE16F526-F056-9A26-3953-4FE8C9D9FB2A}.Release|Any CPU.Build.0 = Release|Any CPU
		{DE16F526-F056-9A26-3953-4FE8C9D9FB2A}.Release|x64.ActiveCfg = Release|Any CPU
		{DE16F526-F056-9A26-3953-4FE8C9D9FB2A}.Release|x64.Build.0 = Release|Any CPU
		{DE16F526-F056-9A26-3953-4FE8C9D9FB2A}.Release|x86.ActiveCfg = Release|Any CPU
		{DE16F526-F056-9A26-3953-4FE8C9D9FB2A}.Release|x86.Build.0 = Release|Any CPU
		{A94FA6BA-F9C8-523A-B893-9916C5544A32}.Debug|Any CPU.ActiveCfg = Debug|Any CPU
		{A94FA6BA-F9C8-523A-B893-9916C5544A32}.Debug|Any CPU.Build.0 = Debug|Any CPU
		{A94FA6BA-F9C8-523A-B893-9916C5544A32}.Debug|x64.ActiveCfg = Debug|Any CPU
		{A94FA6BA-F9C8-523A-B893-9916C5544A32}.Debug|x64.Build.0 = Debug|Any CPU
		{A94FA6BA-F9C8-523A-B893-9916C5544A32}.Debug|x86.ActiveCfg = Debug|Any CPU
		{A94FA6BA-F9C8-523A-B893-9916C5544A32}.Debug|x86.Build.0 = Debug|Any CPU
		{A94FA6BA-F9C8-523A-B893-9916C5544A32}.Release|Any CPU.ActiveCfg = Release|Any CPU
		{A94FA6BA-F9C8-523A-B893-9916C5544A32}.Release|Any CPU.Build.0 = Release|Any CPU
		{A94FA6BA-F9C8-523A-B893-9916C5544A32}.Release|x64.ActiveCfg = Release|Any CPU
		{A94FA6BA-F9C8-523A-B893-9916C5544A32}.Release|x64.Build.0 = Release|Any CPU
		{A94FA6BA-F9C8-523A-B893-9916C5544A32}.Release|x86.ActiveCfg = Release|Any CPU
		{A94FA6BA-F9C8-523A-B893-9916C5544A32}.Release|x86.Build.0 = Release|Any CPU
		{127AE2A1-55F3-F9BB-7EFF-A747D9E6F2F2}.Debug|Any CPU.ActiveCfg = Debug|Any CPU
		{127AE2A1-55F3-F9BB-7EFF-A747D9E6F2F2}.Debug|Any CPU.Build.0 = Debug|Any CPU
		{127AE2A1-55F3-F9BB-7EFF-A747D9E6F2F2}.Debug|x64.ActiveCfg = Debug|Any CPU
		{127AE2A1-55F3-F9BB-7EFF-A747D9E6F2F2}.Debug|x64.Build.0 = Debug|Any CPU
		{127AE2A1-55F3-F9BB-7EFF-A747D9E6F2F2}.Debug|x86.ActiveCfg = Debug|Any CPU
		{127AE2A1-55F3-F9BB-7EFF-A747D9E6F2F2}.Debug|x86.Build.0 = Debug|Any CPU
		{127AE2A1-55F3-F9BB-7EFF-A747D9E6F2F2}.Release|Any CPU.ActiveCfg = Release|Any CPU
		{127AE2A1-55F3-F9BB-7EFF-A747D9E6F2F2}.Release|Any CPU.Build.0 = Release|Any CPU
		{127AE2A1-55F3-F9BB-7EFF-A747D9E6F2F2}.Release|x64.ActiveCfg = Release|Any CPU
		{127AE2A1-55F3-F9BB-7EFF-A747D9E6F2F2}.Release|x64.Build.0 = Release|Any CPU
		{127AE2A1-55F3-F9BB-7EFF-A747D9E6F2F2}.Release|x86.ActiveCfg = Release|Any CPU
		{127AE2A1-55F3-F9BB-7EFF-A747D9E6F2F2}.Release|x86.Build.0 = Release|Any CPU
		{A8768966-0B0E-4E73-8C81-62AD8B84B0DB}.Debug|Any CPU.ActiveCfg = Debug|Any CPU
		{A8768966-0B0E-4E73-8C81-62AD8B84B0DB}.Debug|Any CPU.Build.0 = Debug|Any CPU
		{A8768966-0B0E-4E73-8C81-62AD8B84B0DB}.Debug|x64.ActiveCfg = Debug|Any CPU
		{A8768966-0B0E-4E73-8C81-62AD8B84B0DB}.Debug|x64.Build.0 = Debug|Any CPU
		{A8768966-0B0E-4E73-8C81-62AD8B84B0DB}.Debug|x86.ActiveCfg = Debug|Any CPU
		{A8768966-0B0E-4E73-8C81-62AD8B84B0DB}.Debug|x86.Build.0 = Debug|Any CPU
		{A8768966-0B0E-4E73-8C81-62AD8B84B0DB}.Release|Any CPU.ActiveCfg = Release|Any CPU
		{A8768966-0B0E-4E73-8C81-62AD8B84B0DB}.Release|Any CPU.Build.0 = Release|Any CPU
		{A8768966-0B0E-4E73-8C81-62AD8B84B0DB}.Release|x64.ActiveCfg = Release|Any CPU
		{A8768966-0B0E-4E73-8C81-62AD8B84B0DB}.Release|x64.Build.0 = Release|Any CPU
		{A8768966-0B0E-4E73-8C81-62AD8B84B0DB}.Release|x86.ActiveCfg = Release|Any CPU
		{A8768966-0B0E-4E73-8C81-62AD8B84B0DB}.Release|x86.Build.0 = Release|Any CPU
		{1CD2B7CB-9564-A086-4DA6-460FE2419599}.Debug|Any CPU.ActiveCfg = Debug|Any CPU
		{1CD2B7CB-9564-A086-4DA6-460FE2419599}.Debug|Any CPU.Build.0 = Debug|Any CPU
		{1CD2B7CB-9564-A086-4DA6-460FE2419599}.Debug|x64.ActiveCfg = Debug|Any CPU
		{1CD2B7CB-9564-A086-4DA6-460FE2419599}.Debug|x64.Build.0 = Debug|Any CPU
		{1CD2B7CB-9564-A086-4DA6-460FE2419599}.Debug|x86.ActiveCfg = Debug|Any CPU
		{1CD2B7CB-9564-A086-4DA6-460FE2419599}.Debug|x86.Build.0 = Debug|Any CPU
		{1CD2B7CB-9564-A086-4DA6-460FE2419599}.Release|Any CPU.ActiveCfg = Release|Any CPU
		{1CD2B7CB-9564-A086-4DA6-460FE2419599}.Release|Any CPU.Build.0 = Release|Any CPU
		{1CD2B7CB-9564-A086-4DA6-460FE2419599}.Release|x64.ActiveCfg = Release|Any CPU
		{1CD2B7CB-9564-A086-4DA6-460FE2419599}.Release|x64.Build.0 = Release|Any CPU
		{1CD2B7CB-9564-A086-4DA6-460FE2419599}.Release|x86.ActiveCfg = Release|Any CPU
		{1CD2B7CB-9564-A086-4DA6-460FE2419599}.Release|x86.Build.0 = Release|Any CPU
		{C7B02997-CD58-6EC0-A463-EEC751DE9A8C}.Debug|Any CPU.ActiveCfg = Debug|Any CPU
		{C7B02997-CD58-6EC0-A463-EEC751DE9A8C}.Debug|Any CPU.Build.0 = Debug|Any CPU
		{C7B02997-CD58-6EC0-A463-EEC751DE9A8C}.Debug|x64.ActiveCfg = Debug|Any CPU
		{C7B02997-CD58-6EC0-A463-EEC751DE9A8C}.Debug|x64.Build.0 = Debug|Any CPU
		{C7B02997-CD58-6EC0-A463-EEC751DE9A8C}.Debug|x86.ActiveCfg = Debug|Any CPU
		{C7B02997-CD58-6EC0-A463-EEC751DE9A8C}.Debug|x86.Build.0 = Debug|Any CPU
		{C7B02997-CD58-6EC0-A463-EEC751DE9A8C}.Release|Any CPU.ActiveCfg = Release|Any CPU
		{C7B02997-CD58-6EC0-A463-EEC751DE9A8C}.Release|Any CPU.Build.0 = Release|Any CPU
		{C7B02997-CD58-6EC0-A463-EEC751DE9A8C}.Release|x64.ActiveCfg = Release|Any CPU
		{C7B02997-CD58-6EC0-A463-EEC751DE9A8C}.Release|x64.Build.0 = Release|Any CPU
		{C7B02997-CD58-6EC0-A463-EEC751DE9A8C}.Release|x86.ActiveCfg = Release|Any CPU
		{C7B02997-CD58-6EC0-A463-EEC751DE9A8C}.Release|x86.Build.0 = Release|Any CPU
		{4C0BE19B-6FA6-00CC-0300-F3313AC8A54E}.Debug|Any CPU.ActiveCfg = Debug|Any CPU
		{4C0BE19B-6FA6-00CC-0300-F3313AC8A54E}.Debug|Any CPU.Build.0 = Debug|Any CPU
		{4C0BE19B-6FA6-00CC-0300-F3313AC8A54E}.Debug|x64.ActiveCfg = Debug|Any CPU
		{4C0BE19B-6FA6-00CC-0300-F3313AC8A54E}.Debug|x64.Build.0 = Debug|Any CPU
		{4C0BE19B-6FA6-00CC-0300-F3313AC8A54E}.Debug|x86.ActiveCfg = Debug|Any CPU
		{4C0BE19B-6FA6-00CC-0300-F3313AC8A54E}.Debug|x86.Build.0 = Debug|Any CPU
		{4C0BE19B-6FA6-00CC-0300-F3313AC8A54E}.Release|Any CPU.ActiveCfg = Release|Any CPU
		{4C0BE19B-6FA6-00CC-0300-F3313AC8A54E}.Release|Any CPU.Build.0 = Release|Any CPU
		{4C0BE19B-6FA6-00CC-0300-F3313AC8A54E}.Release|x64.ActiveCfg = Release|Any CPU
		{4C0BE19B-6FA6-00CC-0300-F3313AC8A54E}.Release|x64.Build.0 = Release|Any CPU
		{4C0BE19B-6FA6-00CC-0300-F3313AC8A54E}.Release|x86.ActiveCfg = Release|Any CPU
		{4C0BE19B-6FA6-00CC-0300-F3313AC8A54E}.Release|x86.Build.0 = Release|Any CPU
		{F14AE9B5-58C6-4DCB-A8AB-2EE66A16D661}.Debug|Any CPU.ActiveCfg = Debug|Any CPU
		{F14AE9B5-58C6-4DCB-A8AB-2EE66A16D661}.Debug|Any CPU.Build.0 = Debug|Any CPU
		{F14AE9B5-58C6-4DCB-A8AB-2EE66A16D661}.Debug|x64.ActiveCfg = Debug|Any CPU
		{F14AE9B5-58C6-4DCB-A8AB-2EE66A16D661}.Debug|x64.Build.0 = Debug|Any CPU
		{F14AE9B5-58C6-4DCB-A8AB-2EE66A16D661}.Debug|x86.ActiveCfg = Debug|Any CPU
		{F14AE9B5-58C6-4DCB-A8AB-2EE66A16D661}.Debug|x86.Build.0 = Debug|Any CPU
		{F14AE9B5-58C6-4DCB-A8AB-2EE66A16D661}.Release|Any CPU.ActiveCfg = Release|Any CPU
		{F14AE9B5-58C6-4DCB-A8AB-2EE66A16D661}.Release|Any CPU.Build.0 = Release|Any CPU
		{F14AE9B5-58C6-4DCB-A8AB-2EE66A16D661}.Release|x64.ActiveCfg = Release|Any CPU
		{F14AE9B5-58C6-4DCB-A8AB-2EE66A16D661}.Release|x64.Build.0 = Release|Any CPU
		{F14AE9B5-58C6-4DCB-A8AB-2EE66A16D661}.Release|x86.ActiveCfg = Release|Any CPU
		{F14AE9B5-58C6-4DCB-A8AB-2EE66A16D661}.Release|x86.Build.0 = Release|Any CPU
		{F53A2230-9B7D-4342-AEA7-370CDD02E4B5}.Debug|Any CPU.ActiveCfg = Debug|Any CPU
		{F53A2230-9B7D-4342-AEA7-370CDD02E4B5}.Debug|Any CPU.Build.0 = Debug|Any CPU
		{F53A2230-9B7D-4342-AEA7-370CDD02E4B5}.Debug|x64.ActiveCfg = Debug|Any CPU
		{F53A2230-9B7D-4342-AEA7-370CDD02E4B5}.Debug|x64.Build.0 = Debug|Any CPU
		{F53A2230-9B7D-4342-AEA7-370CDD02E4B5}.Debug|x86.ActiveCfg = Debug|Any CPU
		{F53A2230-9B7D-4342-AEA7-370CDD02E4B5}.Debug|x86.Build.0 = Debug|Any CPU
		{F53A2230-9B7D-4342-AEA7-370CDD02E4B5}.Release|Any CPU.ActiveCfg = Release|Any CPU
		{F53A2230-9B7D-4342-AEA7-370CDD02E4B5}.Release|Any CPU.Build.0 = Release|Any CPU
		{F53A2230-9B7D-4342-AEA7-370CDD02E4B5}.Release|x64.ActiveCfg = Release|Any CPU
		{F53A2230-9B7D-4342-AEA7-370CDD02E4B5}.Release|x64.Build.0 = Release|Any CPU
		{F53A2230-9B7D-4342-AEA7-370CDD02E4B5}.Release|x86.ActiveCfg = Release|Any CPU
		{F53A2230-9B7D-4342-AEA7-370CDD02E4B5}.Release|x86.Build.0 = Release|Any CPU
		{B675DDE3-CBC4-472D-A1D2-5EABD6955372}.Debug|Any CPU.ActiveCfg = Debug|Any CPU
		{B675DDE3-CBC4-472D-A1D2-5EABD6955372}.Debug|Any CPU.Build.0 = Debug|Any CPU
		{B675DDE3-CBC4-472D-A1D2-5EABD6955372}.Debug|x64.ActiveCfg = Debug|Any CPU
		{B675DDE3-CBC4-472D-A1D2-5EABD6955372}.Debug|x64.Build.0 = Debug|Any CPU
		{B675DDE3-CBC4-472D-A1D2-5EABD6955372}.Debug|x86.ActiveCfg = Debug|Any CPU
		{B675DDE3-CBC4-472D-A1D2-5EABD6955372}.Debug|x86.Build.0 = Debug|Any CPU
		{B675DDE3-CBC4-472D-A1D2-5EABD6955372}.Release|Any CPU.ActiveCfg = Release|Any CPU
		{B675DDE3-CBC4-472D-A1D2-5EABD6955372}.Release|Any CPU.Build.0 = Release|Any CPU
		{B675DDE3-CBC4-472D-A1D2-5EABD6955372}.Release|x64.ActiveCfg = Release|Any CPU
		{B675DDE3-CBC4-472D-A1D2-5EABD6955372}.Release|x64.Build.0 = Release|Any CPU
		{B675DDE3-CBC4-472D-A1D2-5EABD6955372}.Release|x86.ActiveCfg = Release|Any CPU
		{B675DDE3-CBC4-472D-A1D2-5EABD6955372}.Release|x86.Build.0 = Release|Any CPU
		{E7F75E12-A7B5-2A3D-DA2A-8E4E3F940E34}.Debug|Any CPU.ActiveCfg = Debug|Any CPU
		{E7F75E12-A7B5-2A3D-DA2A-8E4E3F940E34}.Debug|Any CPU.Build.0 = Debug|Any CPU
		{E7F75E12-A7B5-2A3D-DA2A-8E4E3F940E34}.Debug|x64.ActiveCfg = Debug|Any CPU
		{E7F75E12-A7B5-2A3D-DA2A-8E4E3F940E34}.Debug|x64.Build.0 = Debug|Any CPU
		{E7F75E12-A7B5-2A3D-DA2A-8E4E3F940E34}.Debug|x86.ActiveCfg = Debug|Any CPU
		{E7F75E12-A7B5-2A3D-DA2A-8E4E3F940E34}.Debug|x86.Build.0 = Debug|Any CPU
		{E7F75E12-A7B5-2A3D-DA2A-8E4E3F940E34}.Release|Any CPU.ActiveCfg = Release|Any CPU
		{E7F75E12-A7B5-2A3D-DA2A-8E4E3F940E34}.Release|Any CPU.Build.0 = Release|Any CPU
		{E7F75E12-A7B5-2A3D-DA2A-8E4E3F940E34}.Release|x64.ActiveCfg = Release|Any CPU
		{E7F75E12-A7B5-2A3D-DA2A-8E4E3F940E34}.Release|x64.Build.0 = Release|Any CPU
		{E7F75E12-A7B5-2A3D-DA2A-8E4E3F940E34}.Release|x86.ActiveCfg = Release|Any CPU
		{E7F75E12-A7B5-2A3D-DA2A-8E4E3F940E34}.Release|x86.Build.0 = Release|Any CPU
		{9A6436EC-D55B-080C-EAD9-6CD0673A00D9}.Debug|Any CPU.ActiveCfg = Debug|Any CPU
		{9A6436EC-D55B-080C-EAD9-6CD0673A00D9}.Debug|Any CPU.Build.0 = Debug|Any CPU
		{9A6436EC-D55B-080C-EAD9-6CD0673A00D9}.Debug|x64.ActiveCfg = Debug|Any CPU
		{9A6436EC-D55B-080C-EAD9-6CD0673A00D9}.Debug|x64.Build.0 = Debug|Any CPU
		{9A6436EC-D55B-080C-EAD9-6CD0673A00D9}.Debug|x86.ActiveCfg = Debug|Any CPU
		{9A6436EC-D55B-080C-EAD9-6CD0673A00D9}.Debug|x86.Build.0 = Debug|Any CPU
		{9A6436EC-D55B-080C-EAD9-6CD0673A00D9}.Release|Any CPU.ActiveCfg = Release|Any CPU
		{9A6436EC-D55B-080C-EAD9-6CD0673A00D9}.Release|Any CPU.Build.0 = Release|Any CPU
		{9A6436EC-D55B-080C-EAD9-6CD0673A00D9}.Release|x64.ActiveCfg = Release|Any CPU
		{9A6436EC-D55B-080C-EAD9-6CD0673A00D9}.Release|x64.Build.0 = Release|Any CPU
		{9A6436EC-D55B-080C-EAD9-6CD0673A00D9}.Release|x86.ActiveCfg = Release|Any CPU
		{9A6436EC-D55B-080C-EAD9-6CD0673A00D9}.Release|x86.Build.0 = Release|Any CPU
		{649BF3FA-4489-ED0C-8603-EA4215C8FB4C}.Debug|Any CPU.ActiveCfg = Debug|Any CPU
		{649BF3FA-4489-ED0C-8603-EA4215C8FB4C}.Debug|Any CPU.Build.0 = Debug|Any CPU
		{649BF3FA-4489-ED0C-8603-EA4215C8FB4C}.Debug|x64.ActiveCfg = Debug|Any CPU
		{649BF3FA-4489-ED0C-8603-EA4215C8FB4C}.Debug|x64.Build.0 = Debug|Any CPU
		{649BF3FA-4489-ED0C-8603-EA4215C8FB4C}.Debug|x86.ActiveCfg = Debug|Any CPU
		{649BF3FA-4489-ED0C-8603-EA4215C8FB4C}.Debug|x86.Build.0 = Debug|Any CPU
		{649BF3FA-4489-ED0C-8603-EA4215C8FB4C}.Release|Any CPU.ActiveCfg = Release|Any CPU
		{649BF3FA-4489-ED0C-8603-EA4215C8FB4C}.Release|Any CPU.Build.0 = Release|Any CPU
		{649BF3FA-4489-ED0C-8603-EA4215C8FB4C}.Release|x64.ActiveCfg = Release|Any CPU
		{649BF3FA-4489-ED0C-8603-EA4215C8FB4C}.Release|x64.Build.0 = Release|Any CPU
		{649BF3FA-4489-ED0C-8603-EA4215C8FB4C}.Release|x86.ActiveCfg = Release|Any CPU
		{649BF3FA-4489-ED0C-8603-EA4215C8FB4C}.Release|x86.Build.0 = Release|Any CPU
		{D9350E8A-CECA-23D8-EB68-A3B7A751C236}.Debug|Any CPU.ActiveCfg = Debug|Any CPU
		{D9350E8A-CECA-23D8-EB68-A3B7A751C236}.Debug|Any CPU.Build.0 = Debug|Any CPU
		{D9350E8A-CECA-23D8-EB68-A3B7A751C236}.Debug|x64.ActiveCfg = Debug|Any CPU
		{D9350E8A-CECA-23D8-EB68-A3B7A751C236}.Debug|x64.Build.0 = Debug|Any CPU
		{D9350E8A-CECA-23D8-EB68-A3B7A751C236}.Debug|x86.ActiveCfg = Debug|Any CPU
		{D9350E8A-CECA-23D8-EB68-A3B7A751C236}.Debug|x86.Build.0 = Debug|Any CPU
		{D9350E8A-CECA-23D8-EB68-A3B7A751C236}.Release|Any CPU.ActiveCfg = Release|Any CPU
		{D9350E8A-CECA-23D8-EB68-A3B7A751C236}.Release|Any CPU.Build.0 = Release|Any CPU
		{D9350E8A-CECA-23D8-EB68-A3B7A751C236}.Release|x64.ActiveCfg = Release|Any CPU
		{D9350E8A-CECA-23D8-EB68-A3B7A751C236}.Release|x64.Build.0 = Release|Any CPU
		{D9350E8A-CECA-23D8-EB68-A3B7A751C236}.Release|x86.ActiveCfg = Release|Any CPU
		{D9350E8A-CECA-23D8-EB68-A3B7A751C236}.Release|x86.Build.0 = Release|Any CPU
		{7EE7DE0E-CF82-C5FB-A400-39DA2A0817A1}.Debug|Any CPU.ActiveCfg = Debug|Any CPU
		{7EE7DE0E-CF82-C5FB-A400-39DA2A0817A1}.Debug|Any CPU.Build.0 = Debug|Any CPU
		{7EE7DE0E-CF82-C5FB-A400-39DA2A0817A1}.Debug|x64.ActiveCfg = Debug|Any CPU
		{7EE7DE0E-CF82-C5FB-A400-39DA2A0817A1}.Debug|x64.Build.0 = Debug|Any CPU
		{7EE7DE0E-CF82-C5FB-A400-39DA2A0817A1}.Debug|x86.ActiveCfg = Debug|Any CPU
		{7EE7DE0E-CF82-C5FB-A400-39DA2A0817A1}.Debug|x86.Build.0 = Debug|Any CPU
		{7EE7DE0E-CF82-C5FB-A400-39DA2A0817A1}.Release|Any CPU.ActiveCfg = Release|Any CPU
		{7EE7DE0E-CF82-C5FB-A400-39DA2A0817A1}.Release|Any CPU.Build.0 = Release|Any CPU
		{7EE7DE0E-CF82-C5FB-A400-39DA2A0817A1}.Release|x64.ActiveCfg = Release|Any CPU
		{7EE7DE0E-CF82-C5FB-A400-39DA2A0817A1}.Release|x64.Build.0 = Release|Any CPU
		{7EE7DE0E-CF82-C5FB-A400-39DA2A0817A1}.Release|x86.ActiveCfg = Release|Any CPU
		{7EE7DE0E-CF82-C5FB-A400-39DA2A0817A1}.Release|x86.Build.0 = Release|Any CPU
		{2F9D2A7F-2D9D-32BE-9E6B-3A4E7B9FAF9B}.Debug|Any CPU.ActiveCfg = Debug|Any CPU
		{2F9D2A7F-2D9D-32BE-9E6B-3A4E7B9FAF9B}.Debug|Any CPU.Build.0 = Debug|Any CPU
		{2F9D2A7F-2D9D-32BE-9E6B-3A4E7B9FAF9B}.Debug|x64.ActiveCfg = Debug|Any CPU
		{2F9D2A7F-2D9D-32BE-9E6B-3A4E7B9FAF9B}.Debug|x64.Build.0 = Debug|Any CPU
		{2F9D2A7F-2D9D-32BE-9E6B-3A4E7B9FAF9B}.Debug|x86.ActiveCfg = Debug|Any CPU
		{2F9D2A7F-2D9D-32BE-9E6B-3A4E7B9FAF9B}.Debug|x86.Build.0 = Debug|Any CPU
		{2F9D2A7F-2D9D-32BE-9E6B-3A4E7B9FAF9B}.Release|Any CPU.ActiveCfg = Release|Any CPU
		{2F9D2A7F-2D9D-32BE-9E6B-3A4E7B9FAF9B}.Release|Any CPU.Build.0 = Release|Any CPU
		{2F9D2A7F-2D9D-32BE-9E6B-3A4E7B9FAF9B}.Release|x64.ActiveCfg = Release|Any CPU
		{2F9D2A7F-2D9D-32BE-9E6B-3A4E7B9FAF9B}.Release|x64.Build.0 = Release|Any CPU
		{2F9D2A7F-2D9D-32BE-9E6B-3A4E7B9FAF9B}.Release|x86.ActiveCfg = Release|Any CPU
		{2F9D2A7F-2D9D-32BE-9E6B-3A4E7B9FAF9B}.Release|x86.Build.0 = Release|Any CPU
		{6DE58E01-4D38-6857-D7A2-2052EF5A000F}.Debug|Any CPU.ActiveCfg = Debug|Any CPU
		{6DE58E01-4D38-6857-D7A2-2052EF5A000F}.Debug|Any CPU.Build.0 = Debug|Any CPU
		{6DE58E01-4D38-6857-D7A2-2052EF5A000F}.Debug|x64.ActiveCfg = Debug|Any CPU
		{6DE58E01-4D38-6857-D7A2-2052EF5A000F}.Debug|x64.Build.0 = Debug|Any CPU
		{6DE58E01-4D38-6857-D7A2-2052EF5A000F}.Debug|x86.ActiveCfg = Debug|Any CPU
		{6DE58E01-4D38-6857-D7A2-2052EF5A000F}.Debug|x86.Build.0 = Debug|Any CPU
		{6DE58E01-4D38-6857-D7A2-2052EF5A000F}.Release|Any CPU.ActiveCfg = Release|Any CPU
		{6DE58E01-4D38-6857-D7A2-2052EF5A000F}.Release|Any CPU.Build.0 = Release|Any CPU
		{6DE58E01-4D38-6857-D7A2-2052EF5A000F}.Release|x64.ActiveCfg = Release|Any CPU
		{6DE58E01-4D38-6857-D7A2-2052EF5A000F}.Release|x64.Build.0 = Release|Any CPU
		{6DE58E01-4D38-6857-D7A2-2052EF5A000F}.Release|x86.ActiveCfg = Release|Any CPU
		{6DE58E01-4D38-6857-D7A2-2052EF5A000F}.Release|x86.Build.0 = Release|Any CPU
		{A08EDF73-8D9C-46F2-B5A7-1EA645373E54}.Debug|Any CPU.ActiveCfg = Debug|Any CPU
		{A08EDF73-8D9C-46F2-B5A7-1EA645373E54}.Debug|Any CPU.Build.0 = Debug|Any CPU
		{A08EDF73-8D9C-46F2-B5A7-1EA645373E54}.Debug|x64.ActiveCfg = Debug|Any CPU
		{A08EDF73-8D9C-46F2-B5A7-1EA645373E54}.Debug|x64.Build.0 = Debug|Any CPU
		{A08EDF73-8D9C-46F2-B5A7-1EA645373E54}.Debug|x86.ActiveCfg = Debug|Any CPU
		{A08EDF73-8D9C-46F2-B5A7-1EA645373E54}.Debug|x86.Build.0 = Debug|Any CPU
		{A08EDF73-8D9C-46F2-B5A7-1EA645373E54}.Release|Any CPU.ActiveCfg = Release|Any CPU
		{A08EDF73-8D9C-46F2-B5A7-1EA645373E54}.Release|Any CPU.Build.0 = Release|Any CPU
		{A08EDF73-8D9C-46F2-B5A7-1EA645373E54}.Release|x64.ActiveCfg = Release|Any CPU
		{A08EDF73-8D9C-46F2-B5A7-1EA645373E54}.Release|x64.Build.0 = Release|Any CPU
		{A08EDF73-8D9C-46F2-B5A7-1EA645373E54}.Release|x86.ActiveCfg = Release|Any CPU
		{A08EDF73-8D9C-46F2-B5A7-1EA645373E54}.Release|x86.Build.0 = Release|Any CPU
		{CB773213-2C88-4D1F-99A4-F4EEA93076C5}.Debug|Any CPU.ActiveCfg = Debug|Any CPU
		{CB773213-2C88-4D1F-99A4-F4EEA93076C5}.Debug|Any CPU.Build.0 = Debug|Any CPU
		{CB773213-2C88-4D1F-99A4-F4EEA93076C5}.Debug|x64.ActiveCfg = Debug|Any CPU
		{CB773213-2C88-4D1F-99A4-F4EEA93076C5}.Debug|x64.Build.0 = Debug|Any CPU
		{CB773213-2C88-4D1F-99A4-F4EEA93076C5}.Debug|x86.ActiveCfg = Debug|Any CPU
		{CB773213-2C88-4D1F-99A4-F4EEA93076C5}.Debug|x86.Build.0 = Debug|Any CPU
		{CB773213-2C88-4D1F-99A4-F4EEA93076C5}.Release|Any CPU.ActiveCfg = Release|Any CPU
		{CB773213-2C88-4D1F-99A4-F4EEA93076C5}.Release|Any CPU.Build.0 = Release|Any CPU
		{CB773213-2C88-4D1F-99A4-F4EEA93076C5}.Release|x64.ActiveCfg = Release|Any CPU
		{CB773213-2C88-4D1F-99A4-F4EEA93076C5}.Release|x64.Build.0 = Release|Any CPU
		{CB773213-2C88-4D1F-99A4-F4EEA93076C5}.Release|x86.ActiveCfg = Release|Any CPU
		{CB773213-2C88-4D1F-99A4-F4EEA93076C5}.Release|x86.Build.0 = Release|Any CPU
		{A32DD4C6-EA05-4011-BEEE-D44AE0116296}.Debug|Any CPU.ActiveCfg = Debug|Any CPU
		{A32DD4C6-EA05-4011-BEEE-D44AE0116296}.Debug|Any CPU.Build.0 = Debug|Any CPU
		{A32DD4C6-EA05-4011-BEEE-D44AE0116296}.Debug|x64.ActiveCfg = Debug|Any CPU
		{A32DD4C6-EA05-4011-BEEE-D44AE0116296}.Debug|x64.Build.0 = Debug|Any CPU
		{A32DD4C6-EA05-4011-BEEE-D44AE0116296}.Debug|x86.ActiveCfg = Debug|Any CPU
		{A32DD4C6-EA05-4011-BEEE-D44AE0116296}.Debug|x86.Build.0 = Debug|Any CPU
		{A32DD4C6-EA05-4011-BEEE-D44AE0116296}.Release|Any CPU.ActiveCfg = Release|Any CPU
		{A32DD4C6-EA05-4011-BEEE-D44AE0116296}.Release|Any CPU.Build.0 = Release|Any CPU
		{A32DD4C6-EA05-4011-BEEE-D44AE0116296}.Release|x64.ActiveCfg = Release|Any CPU
		{A32DD4C6-EA05-4011-BEEE-D44AE0116296}.Release|x64.Build.0 = Release|Any CPU
		{A32DD4C6-EA05-4011-BEEE-D44AE0116296}.Release|x86.ActiveCfg = Release|Any CPU
		{A32DD4C6-EA05-4011-BEEE-D44AE0116296}.Release|x86.Build.0 = Release|Any CPU
		{DE2C7404-C423-44B5-9CD7-85CDEE365B26}.Debug|Any CPU.ActiveCfg = Debug|Any CPU
		{DE2C7404-C423-44B5-9CD7-85CDEE365B26}.Debug|Any CPU.Build.0 = Debug|Any CPU
		{DE2C7404-C423-44B5-9CD7-85CDEE365B26}.Debug|x64.ActiveCfg = Debug|Any CPU
		{DE2C7404-C423-44B5-9CD7-85CDEE365B26}.Debug|x64.Build.0 = Debug|Any CPU
		{DE2C7404-C423-44B5-9CD7-85CDEE365B26}.Debug|x86.ActiveCfg = Debug|Any CPU
		{DE2C7404-C423-44B5-9CD7-85CDEE365B26}.Debug|x86.Build.0 = Debug|Any CPU
		{DE2C7404-C423-44B5-9CD7-85CDEE365B26}.Release|Any CPU.ActiveCfg = Release|Any CPU
		{DE2C7404-C423-44B5-9CD7-85CDEE365B26}.Release|Any CPU.Build.0 = Release|Any CPU
		{DE2C7404-C423-44B5-9CD7-85CDEE365B26}.Release|x64.ActiveCfg = Release|Any CPU
		{DE2C7404-C423-44B5-9CD7-85CDEE365B26}.Release|x64.Build.0 = Release|Any CPU
		{DE2C7404-C423-44B5-9CD7-85CDEE365B26}.Release|x86.ActiveCfg = Release|Any CPU
		{DE2C7404-C423-44B5-9CD7-85CDEE365B26}.Release|x86.Build.0 = Release|Any CPU
		{5F3ADB10-0E6E-4D22-904C-C47EDE82A7F7}.Debug|Any CPU.ActiveCfg = Debug|Any CPU
		{5F3ADB10-0E6E-4D22-904C-C47EDE82A7F7}.Debug|Any CPU.Build.0 = Debug|Any CPU
		{5F3ADB10-0E6E-4D22-904C-C47EDE82A7F7}.Debug|x64.ActiveCfg = Debug|Any CPU
		{5F3ADB10-0E6E-4D22-904C-C47EDE82A7F7}.Debug|x64.Build.0 = Debug|Any CPU
		{5F3ADB10-0E6E-4D22-904C-C47EDE82A7F7}.Debug|x86.ActiveCfg = Debug|Any CPU
		{5F3ADB10-0E6E-4D22-904C-C47EDE82A7F7}.Debug|x86.Build.0 = Debug|Any CPU
		{5F3ADB10-0E6E-4D22-904C-C47EDE82A7F7}.Release|Any CPU.ActiveCfg = Release|Any CPU
		{5F3ADB10-0E6E-4D22-904C-C47EDE82A7F7}.Release|Any CPU.Build.0 = Release|Any CPU
		{5F3ADB10-0E6E-4D22-904C-C47EDE82A7F7}.Release|x64.ActiveCfg = Release|Any CPU
		{5F3ADB10-0E6E-4D22-904C-C47EDE82A7F7}.Release|x64.Build.0 = Release|Any CPU
		{5F3ADB10-0E6E-4D22-904C-C47EDE82A7F7}.Release|x86.ActiveCfg = Release|Any CPU
		{5F3ADB10-0E6E-4D22-904C-C47EDE82A7F7}.Release|x86.Build.0 = Release|Any CPU
		{9F3F1C02-D68B-4B1A-AF46-AE663C426ABF}.Debug|Any CPU.ActiveCfg = Debug|Any CPU
		{9F3F1C02-D68B-4B1A-AF46-AE663C426ABF}.Debug|Any CPU.Build.0 = Debug|Any CPU
		{9F3F1C02-D68B-4B1A-AF46-AE663C426ABF}.Debug|x64.ActiveCfg = Debug|Any CPU
		{9F3F1C02-D68B-4B1A-AF46-AE663C426ABF}.Debug|x64.Build.0 = Debug|Any CPU
		{9F3F1C02-D68B-4B1A-AF46-AE663C426ABF}.Debug|x86.ActiveCfg = Debug|Any CPU
		{9F3F1C02-D68B-4B1A-AF46-AE663C426ABF}.Debug|x86.Build.0 = Debug|Any CPU
		{9F3F1C02-D68B-4B1A-AF46-AE663C426ABF}.Release|Any CPU.ActiveCfg = Release|Any CPU
		{9F3F1C02-D68B-4B1A-AF46-AE663C426ABF}.Release|Any CPU.Build.0 = Release|Any CPU
		{9F3F1C02-D68B-4B1A-AF46-AE663C426ABF}.Release|x64.ActiveCfg = Release|Any CPU
		{9F3F1C02-D68B-4B1A-AF46-AE663C426ABF}.Release|x64.Build.0 = Release|Any CPU
		{9F3F1C02-D68B-4B1A-AF46-AE663C426ABF}.Release|x86.ActiveCfg = Release|Any CPU
		{9F3F1C02-D68B-4B1A-AF46-AE663C426ABF}.Release|x86.Build.0 = Release|Any CPU
		{E889F752-6CBD-4247-940D-BD46C6A9E7C4}.Debug|Any CPU.ActiveCfg = Debug|Any CPU
		{E889F752-6CBD-4247-940D-BD46C6A9E7C4}.Debug|Any CPU.Build.0 = Debug|Any CPU
		{E889F752-6CBD-4247-940D-BD46C6A9E7C4}.Debug|x64.ActiveCfg = Debug|Any CPU
		{E889F752-6CBD-4247-940D-BD46C6A9E7C4}.Debug|x64.Build.0 = Debug|Any CPU
		{E889F752-6CBD-4247-940D-BD46C6A9E7C4}.Debug|x86.ActiveCfg = Debug|Any CPU
		{E889F752-6CBD-4247-940D-BD46C6A9E7C4}.Debug|x86.Build.0 = Debug|Any CPU
		{E889F752-6CBD-4247-940D-BD46C6A9E7C4}.Release|Any CPU.ActiveCfg = Release|Any CPU
		{E889F752-6CBD-4247-940D-BD46C6A9E7C4}.Release|Any CPU.Build.0 = Release|Any CPU
		{E889F752-6CBD-4247-940D-BD46C6A9E7C4}.Release|x64.ActiveCfg = Release|Any CPU
		{E889F752-6CBD-4247-940D-BD46C6A9E7C4}.Release|x64.Build.0 = Release|Any CPU
		{E889F752-6CBD-4247-940D-BD46C6A9E7C4}.Release|x86.ActiveCfg = Release|Any CPU
		{E889F752-6CBD-4247-940D-BD46C6A9E7C4}.Release|x86.Build.0 = Release|Any CPU
		{39429758-CFBE-4CC1-B626-2B47D3C4B0D5}.Debug|Any CPU.ActiveCfg = Debug|Any CPU
		{39429758-CFBE-4CC1-B626-2B47D3C4B0D5}.Debug|Any CPU.Build.0 = Debug|Any CPU
		{39429758-CFBE-4CC1-B626-2B47D3C4B0D5}.Debug|x64.ActiveCfg = Debug|Any CPU
		{39429758-CFBE-4CC1-B626-2B47D3C4B0D5}.Debug|x64.Build.0 = Debug|Any CPU
		{39429758-CFBE-4CC1-B626-2B47D3C4B0D5}.Debug|x86.ActiveCfg = Debug|Any CPU
		{39429758-CFBE-4CC1-B626-2B47D3C4B0D5}.Debug|x86.Build.0 = Debug|Any CPU
		{39429758-CFBE-4CC1-B626-2B47D3C4B0D5}.Release|Any CPU.ActiveCfg = Release|Any CPU
		{39429758-CFBE-4CC1-B626-2B47D3C4B0D5}.Release|Any CPU.Build.0 = Release|Any CPU
		{39429758-CFBE-4CC1-B626-2B47D3C4B0D5}.Release|x64.ActiveCfg = Release|Any CPU
		{39429758-CFBE-4CC1-B626-2B47D3C4B0D5}.Release|x64.Build.0 = Release|Any CPU
		{39429758-CFBE-4CC1-B626-2B47D3C4B0D5}.Release|x86.ActiveCfg = Release|Any CPU
		{39429758-CFBE-4CC1-B626-2B47D3C4B0D5}.Release|x86.Build.0 = Release|Any CPU
		{BB61DD0D-500B-42F7-A70C-6011BDEC311B}.Debug|Any CPU.ActiveCfg = Debug|Any CPU
		{BB61DD0D-500B-42F7-A70C-6011BDEC311B}.Debug|Any CPU.Build.0 = Debug|Any CPU
		{BB61DD0D-500B-42F7-A70C-6011BDEC311B}.Debug|x64.ActiveCfg = Debug|Any CPU
		{BB61DD0D-500B-42F7-A70C-6011BDEC311B}.Debug|x64.Build.0 = Debug|Any CPU
		{BB61DD0D-500B-42F7-A70C-6011BDEC311B}.Debug|x86.ActiveCfg = Debug|Any CPU
		{BB61DD0D-500B-42F7-A70C-6011BDEC311B}.Debug|x86.Build.0 = Debug|Any CPU
		{BB61DD0D-500B-42F7-A70C-6011BDEC311B}.Release|Any CPU.ActiveCfg = Release|Any CPU
		{BB61DD0D-500B-42F7-A70C-6011BDEC311B}.Release|Any CPU.Build.0 = Release|Any CPU
		{BB61DD0D-500B-42F7-A70C-6011BDEC311B}.Release|x64.ActiveCfg = Release|Any CPU
		{BB61DD0D-500B-42F7-A70C-6011BDEC311B}.Release|x64.Build.0 = Release|Any CPU
		{BB61DD0D-500B-42F7-A70C-6011BDEC311B}.Release|x86.ActiveCfg = Release|Any CPU
		{BB61DD0D-500B-42F7-A70C-6011BDEC311B}.Release|x86.Build.0 = Release|Any CPU
	EndGlobalSection
	GlobalSection(SolutionProperties) = preSolution
		HideSolutionNode = FALSE
	EndGlobalSection
	GlobalSection(NestedProjects) = preSolution
		{711480CE-B236-4E2B-A79E-1CFA6ECB0F1F} = {B9651AC5-56FD-4860-ADDA-27E67FCD75D4}
		{A4F277BC-A403-49D6-8F68-86A9801C84AE} = {02EA681E-C7D8-13C7-8484-4AC65E1B71E8}
		{5AB13FB2-34F9-4388-AA59-AE428F88CE5D} = {02EA681E-C7D8-13C7-8484-4AC65E1B71E8}
		{0CE8141A-7032-0687-125B-CD1E77EDF441} = {02EA681E-C7D8-13C7-8484-4AC65E1B71E8}
		{3A61DEDC-A2D3-442C-A709-34CC046F7499} = {02EA681E-C7D8-13C7-8484-4AC65E1B71E8}
		{C3932499-81ED-F2BB-92DE-A4548D443373} = {02EA681E-C7D8-13C7-8484-4AC65E1B71E8}
		{8BF330D4-DC30-A21E-F758-FD3E97D1D926} = {0D2BF9AB-6598-46B6-9D64-59E4B546DA61}
		{6FD1EA2E-C2EC-4113-B8C9-643DBE4D9881} = {0D2BF9AB-6598-46B6-9D64-59E4B546DA61}
		{0A3795E9-CA78-DA2E-0F89-929A5C7E1305} = {0D2BF9AB-6598-46B6-9D64-59E4B546DA61}
		{6E31CEBB-B34E-AB20-F697-39F0E389A818} = {0D2BF9AB-6598-46B6-9D64-59E4B546DA61}
		{4F2D8BC9-1A3E-4D7F-B5C9-8E9F1D2A3B4C} = {0D2BF9AB-6598-46B6-9D64-59E4B546DA61}
		{DE16F526-F056-9A26-3953-4FE8C9D9FB2A} = {B9651AC5-56FD-4860-ADDA-27E67FCD75D4}
		{A94FA6BA-F9C8-523A-B893-9916C5544A32} = {B9651AC5-56FD-4860-ADDA-27E67FCD75D4}
		{127AE2A1-55F3-F9BB-7EFF-A747D9E6F2F2} = {B9651AC5-56FD-4860-ADDA-27E67FCD75D4}
		{A8768966-0B0E-4E73-8C81-62AD8B84B0DB} = {B9651AC5-56FD-4860-ADDA-27E67FCD75D4}
		{1CD2B7CB-9564-A086-4DA6-460FE2419599} = {0D2BF9AB-6598-46B6-9D64-59E4B546DA61}
		{C7B02997-CD58-6EC0-A463-EEC751DE9A8C} = {02EA681E-C7D8-13C7-8484-4AC65E1B71E8}
		{4C0BE19B-6FA6-00CC-0300-F3313AC8A54E} = {0D2BF9AB-6598-46B6-9D64-59E4B546DA61}
		{F14AE9B5-58C6-4DCB-A8AB-2EE66A16D661} = {02EA681E-C7D8-13C7-8484-4AC65E1B71E8}
		{F53A2230-9B7D-4342-AEA7-370CDD02E4B5} = {0D2BF9AB-6598-46B6-9D64-59E4B546DA61}
		{B675DDE3-CBC4-472D-A1D2-5EABD6955372} = {02EA681E-C7D8-13C7-8484-4AC65E1B71E8}
		{E7F75E12-A7B5-2A3D-DA2A-8E4E3F940E34} = {0D2BF9AB-6598-46B6-9D64-59E4B546DA61}
		{9A6436EC-D55B-080C-EAD9-6CD0673A00D9} = {0D2BF9AB-6598-46B6-9D64-59E4B546DA61}
		{649BF3FA-4489-ED0C-8603-EA4215C8FB4C} = {0D2BF9AB-6598-46B6-9D64-59E4B546DA61}
		{D9350E8A-CECA-23D8-EB68-A3B7A751C236} = {02EA681E-C7D8-13C7-8484-4AC65E1B71E8}
		{7EE7DE0E-CF82-C5FB-A400-39DA2A0817A1} = {02EA681E-C7D8-13C7-8484-4AC65E1B71E8}
		{2F9D2A7F-2D9D-32BE-9E6B-3A4E7B9FAF9B} = {02EA681E-C7D8-13C7-8484-4AC65E1B71E8}
		{6DE58E01-4D38-6857-D7A2-2052EF5A000F} = {0D2BF9AB-6598-46B6-9D64-59E4B546DA61}
		{A08EDF73-8D9C-46F2-B5A7-1EA645373E54} = {02EA681E-C7D8-13C7-8484-4AC65E1B71E8}
		{CB773213-2C88-4D1F-99A4-F4EEA93076C5} = {0D2BF9AB-6598-46B6-9D64-59E4B546DA61}
		{A32DD4C6-EA05-4011-BEEE-D44AE0116296} = {B9651AC5-56FD-4860-ADDA-27E67FCD75D4}
		{DE2C7404-C423-44B5-9CD7-85CDEE365B26} = {B9651AC5-56FD-4860-ADDA-27E67FCD75D4}
		{5F3ADB10-0E6E-4D22-904C-C47EDE82A7F7} = {B9651AC5-56FD-4860-ADDA-27E67FCD75D4}
		{9F3F1C02-D68B-4B1A-AF46-AE663C426ABF} = {B9651AC5-56FD-4860-ADDA-27E67FCD75D4}
		{E889F752-6CBD-4247-940D-BD46C6A9E7C4} = {B9651AC5-56FD-4860-ADDA-27E67FCD75D4}
		{39429758-CFBE-4CC1-B626-2B47D3C4B0D5} = {B9651AC5-56FD-4860-ADDA-27E67FCD75D4}
		{BB61DD0D-500B-42F7-A70C-6011BDEC311B} = {B9651AC5-56FD-4860-ADDA-27E67FCD75D4}
	EndGlobalSection
	GlobalSection(ExtensibilityGlobals) = postSolution
		SolutionGuid = {F2330629-3D38-4DEB-969C-24196B99DAB2}
	EndGlobalSection
EndGlobal
